// !$*UTF8*$!
{
	archiveVersion = 1;
	classes = {
	};
	objectVersion = 50;
	objects = {

/* Begin PBXBuildFile section */
		AD7C2DC820D363720037D486 /* AppDelegate.swift in Sources */ = {isa = PBXBuildFile; fileRef = AD7C2DC720D363720037D486 /* AppDelegate.swift */; };
		AD7C2DCA20D363720037D486 /* ViewController.swift in Sources */ = {isa = PBXBuildFile; fileRef = AD7C2DC920D363720037D486 /* ViewController.swift */; };
		AD7C2DCD20D363720037D486 /* Main.storyboard in Resources */ = {isa = PBXBuildFile; fileRef = AD7C2DCB20D363720037D486 /* Main.storyboard */; };
		AD7C2DCF20D363730037D486 /* Assets.xcassets in Resources */ = {isa = PBXBuildFile; fileRef = AD7C2DCE20D363730037D486 /* Assets.xcassets */; };
		AD7C2DD220D363730037D486 /* LaunchScreen.storyboard in Resources */ = {isa = PBXBuildFile; fileRef = AD7C2DD020D363730037D486 /* LaunchScreen.storyboard */; };
		C19CD46F69E42283C37094E6 /* Pods_CellKitDemo.framework in Frameworks */ = {isa = PBXBuildFile; fileRef = AFF19DD48B0650982D010732 /* Pods_CellKitDemo.framework */; };
/* End PBXBuildFile section */

/* Begin PBXFileReference section */
		83851035FA88C247DBEB6161 /* Pods-CellKitDemo.release.xcconfig */ = {isa = PBXFileReference; includeInIndex = 1; lastKnownFileType = text.xcconfig; name = "Pods-CellKitDemo.release.xcconfig"; path = "Pods/Target Support Files/Pods-CellKitDemo/Pods-CellKitDemo.release.xcconfig"; sourceTree = "<group>"; };
		AD7C2DC420D363720037D486 /* CellKitDemo.app */ = {isa = PBXFileReference; explicitFileType = wrapper.application; includeInIndex = 0; path = CellKitDemo.app; sourceTree = BUILT_PRODUCTS_DIR; };
		AD7C2DC720D363720037D486 /* AppDelegate.swift */ = {isa = PBXFileReference; lastKnownFileType = sourcecode.swift; path = AppDelegate.swift; sourceTree = "<group>"; };
		AD7C2DC920D363720037D486 /* ViewController.swift */ = {isa = PBXFileReference; lastKnownFileType = sourcecode.swift; path = ViewController.swift; sourceTree = "<group>"; };
		AD7C2DCC20D363720037D486 /* Base */ = {isa = PBXFileReference; lastKnownFileType = file.storyboard; name = Base; path = Base.lproj/Main.storyboard; sourceTree = "<group>"; };
		AD7C2DCE20D363730037D486 /* Assets.xcassets */ = {isa = PBXFileReference; lastKnownFileType = folder.assetcatalog; path = Assets.xcassets; sourceTree = "<group>"; };
		AD7C2DD120D363730037D486 /* Base */ = {isa = PBXFileReference; lastKnownFileType = file.storyboard; name = Base; path = Base.lproj/LaunchScreen.storyboard; sourceTree = "<group>"; };
		AD7C2DD320D363730037D486 /* Info.plist */ = {isa = PBXFileReference; lastKnownFileType = text.plist.xml; path = Info.plist; sourceTree = "<group>"; };
		AFF19DD48B0650982D010732 /* Pods_CellKitDemo.framework */ = {isa = PBXFileReference; explicitFileType = wrapper.framework; includeInIndex = 0; path = Pods_CellKitDemo.framework; sourceTree = BUILT_PRODUCTS_DIR; };
		CB5F73568421F9FF228A0D8F /* Pods-CellKitDemo.debug.xcconfig */ = {isa = PBXFileReference; includeInIndex = 1; lastKnownFileType = text.xcconfig; name = "Pods-CellKitDemo.debug.xcconfig"; path = "Pods/Target Support Files/Pods-CellKitDemo/Pods-CellKitDemo.debug.xcconfig"; sourceTree = "<group>"; };
/* End PBXFileReference section */

/* Begin PBXFrameworksBuildPhase section */
		AD7C2DC120D363720037D486 /* Frameworks */ = {
			isa = PBXFrameworksBuildPhase;
			buildActionMask = 2147483647;
			files = (
				C19CD46F69E42283C37094E6 /* Pods_CellKitDemo.framework in Frameworks */,
			);
			runOnlyForDeploymentPostprocessing = 0;
		};
/* End PBXFrameworksBuildPhase section */

/* Begin PBXGroup section */
		AD7C2DBB20D363720037D486 = {
			isa = PBXGroup;
			children = (
				AD7C2DC620D363720037D486 /* CellKitDemo */,
				AD7C2DC520D363720037D486 /* Products */,
				F5431110FBC413F5DA024C1B /* Pods */,
				FAD2E19A3CE224201FC6F243 /* Frameworks */,
			);
			sourceTree = "<group>";
		};
		AD7C2DC520D363720037D486 /* Products */ = {
			isa = PBXGroup;
			children = (
				AD7C2DC420D363720037D486 /* CellKitDemo.app */,
			);
			name = Products;
			sourceTree = "<group>";
		};
		AD7C2DC620D363720037D486 /* CellKitDemo */ = {
			isa = PBXGroup;
			children = (
				AD7C2DC720D363720037D486 /* AppDelegate.swift */,
				AD7C2DC920D363720037D486 /* ViewController.swift */,
				AD7C2DCB20D363720037D486 /* Main.storyboard */,
				AD7C2DCE20D363730037D486 /* Assets.xcassets */,
				AD7C2DD020D363730037D486 /* LaunchScreen.storyboard */,
				AD7C2DD320D363730037D486 /* Info.plist */,
			);
			path = CellKitDemo;
			sourceTree = "<group>";
		};
		F5431110FBC413F5DA024C1B /* Pods */ = {
			isa = PBXGroup;
			children = (
				CB5F73568421F9FF228A0D8F /* Pods-CellKitDemo.debug.xcconfig */,
				83851035FA88C247DBEB6161 /* Pods-CellKitDemo.release.xcconfig */,
			);
			name = Pods;
			sourceTree = "<group>";
		};
		FAD2E19A3CE224201FC6F243 /* Frameworks */ = {
			isa = PBXGroup;
			children = (
				AFF19DD48B0650982D010732 /* Pods_CellKitDemo.framework */,
			);
			name = Frameworks;
			sourceTree = "<group>";
		};
/* End PBXGroup section */

/* Begin PBXNativeTarget section */
		AD7C2DC320D363720037D486 /* CellKitDemo */ = {
			isa = PBXNativeTarget;
			buildConfigurationList = AD7C2DD620D363730037D486 /* Build configuration list for PBXNativeTarget "CellKitDemo" */;
			buildPhases = (
				ACCD96A64980E5A666F2214F /* [CP] Check Pods Manifest.lock */,
				AD7C2DC020D363720037D486 /* Sources */,
				AD7C2DC120D363720037D486 /* Frameworks */,
				AD7C2DC220D363720037D486 /* Resources */,
				FBCE2D27E3C122AE5D115503 /* [CP] Embed Pods Frameworks */,
				6FC963B00D034BA1E99A7345 /* [CP] Copy Pods Resources */,
			);
			buildRules = (
			);
			dependencies = (
			);
			name = CellKitDemo;
			productName = CellKitDemo;
			productReference = AD7C2DC420D363720037D486 /* CellKitDemo.app */;
			productType = "com.apple.product-type.application";
		};
/* End PBXNativeTarget section */

/* Begin PBXProject section */
		AD7C2DBC20D363720037D486 /* Project object */ = {
			isa = PBXProject;
			attributes = {
				LastSwiftUpdateCheck = 0940;
				LastUpgradeCheck = 0940;
				ORGANIZATIONNAME = haoran;
				TargetAttributes = {
					AD7C2DC320D363720037D486 = {
						CreatedOnToolsVersion = 9.4;
					};
				};
			};
			buildConfigurationList = AD7C2DBF20D363720037D486 /* Build configuration list for PBXProject "CellKitDemo" */;
			compatibilityVersion = "Xcode 9.3";
			developmentRegion = en;
			hasScannedForEncodings = 0;
			knownRegions = (
				en,
				Base,
			);
			mainGroup = AD7C2DBB20D363720037D486;
			productRefGroup = AD7C2DC520D363720037D486 /* Products */;
			projectDirPath = "";
			projectRoot = "";
			targets = (
				AD7C2DC320D363720037D486 /* CellKitDemo */,
			);
		};
/* End PBXProject section */

/* Begin PBXResourcesBuildPhase section */
		AD7C2DC220D363720037D486 /* Resources */ = {
			isa = PBXResourcesBuildPhase;
			buildActionMask = 2147483647;
			files = (
				AD7C2DD220D363730037D486 /* LaunchScreen.storyboard in Resources */,
				AD7C2DCF20D363730037D486 /* Assets.xcassets in Resources */,
				AD7C2DCD20D363720037D486 /* Main.storyboard in Resources */,
			);
			runOnlyForDeploymentPostprocessing = 0;
		};
/* End PBXResourcesBuildPhase section */

/* Begin PBXShellScriptBuildPhase section */
		6FC963B00D034BA1E99A7345 /* [CP] Copy Pods Resources */ = {
			isa = PBXShellScriptBuildPhase;
			buildActionMask = 2147483647;
			files = (
			);
			inputPaths = (
			);
			name = "[CP] Copy Pods Resources";
			outputPaths = (
			);
			runOnlyForDeploymentPostprocessing = 0;
			shellPath = /bin/sh;
			shellScript = "\"${SRCROOT}/Pods/Target Support Files/Pods-CellKitDemo/Pods-CellKitDemo-resources.sh\"\n";
			showEnvVarsInLog = 0;
		};
		ACCD96A64980E5A666F2214F /* [CP] Check Pods Manifest.lock */ = {
			isa = PBXShellScriptBuildPhase;
			buildActionMask = 2147483647;
			files = (
			);
			inputPaths = (
				"${PODS_PODFILE_DIR_PATH}/Podfile.lock",
				"${PODS_ROOT}/Manifest.lock",
			);
			name = "[CP] Check Pods Manifest.lock";
			outputPaths = (
				"$(DERIVED_FILE_DIR)/Pods-CellKitDemo-checkManifestLockResult.txt",
			);
			runOnlyForDeploymentPostprocessing = 0;
			shellPath = /bin/sh;
			shellScript = "diff \"${PODS_PODFILE_DIR_PATH}/Podfile.lock\" \"${PODS_ROOT}/Manifest.lock\" > /dev/null\nif [ $? != 0 ] ; then\n    # print error to STDERR\n    echo \"error: The sandbox is not in sync with the Podfile.lock. Run 'pod install' or update your CocoaPods installation.\" >&2\n    exit 1\nfi\n# This output is used by Xcode 'outputs' to avoid re-running this script phase.\necho \"SUCCESS\" > \"${SCRIPT_OUTPUT_FILE_0}\"\n";
			showEnvVarsInLog = 0;
		};
		FBCE2D27E3C122AE5D115503 /* [CP] Embed Pods Frameworks */ = {
			isa = PBXShellScriptBuildPhase;
			buildActionMask = 2147483647;
			files = (
			);
			inputPaths = (
				"${SRCROOT}/Pods/Target Support Files/Pods-CellKitDemo/Pods-CellKitDemo-frameworks.sh",
				"${BUILT_PRODUCTS_DIR}/SwipeCellKit/SwipeCellKit.framework",
			);
			name = "[CP] Embed Pods Frameworks";
			outputPaths = (
				"${TARGET_BUILD_DIR}/${FRAMEWORKS_FOLDER_PATH}/SwipeCellKit.framework",
			);
			runOnlyForDeploymentPostprocessing = 0;
			shellPath = /bin/sh;
			shellScript = "\"${SRCROOT}/Pods/Target Support Files/Pods-CellKitDemo/Pods-CellKitDemo-frameworks.sh\"\n";
			showEnvVarsInLog = 0;
		};
/* End PBXShellScriptBuildPhase section */

/* Begin PBXSourcesBuildPhase section */
		AD7C2DC020D363720037D486 /* Sources */ = {
			isa = PBXSourcesBuildPhase;
			buildActionMask = 2147483647;
			files = (
				AD7C2DCA20D363720037D486 /* ViewController.swift in Sources */,
				AD7C2DC820D363720037D486 /* AppDelegate.swift in Sources */,
			);
			runOnlyForDeploymentPostprocessing = 0;
		};
/* End PBXSourcesBuildPhase section */

/* Begin PBXVariantGroup section */
		AD7C2DCB20D363720037D486 /* Main.storyboard */ = {
			isa = PBXVariantGroup;
			children = (
				AD7C2DCC20D363720037D486 /* Base */,
			);
			name = Main.storyboard;
			sourceTree = "<group>";
		};
		AD7C2DD020D363730037D486 /* LaunchScreen.storyboard */ = {
			isa = PBXVariantGroup;
			children = (
				AD7C2DD120D363730037D486 /* Base */,
			);
			name = LaunchScreen.storyboard;
			sourceTree = "<group>";
		};
/* End PBXVariantGroup section */

/* Begin XCBuildConfiguration section */
		AD7C2DD420D363730037D486 /* Debug */ = {
			isa = XCBuildConfiguration;
			buildSettings = {
				ALWAYS_SEARCH_USER_PATHS = NO;
				CLANG_ANALYZER_NONNULL = YES;
				CLANG_ANALYZER_NUMBER_OBJECT_CONVERSION = YES_AGGRESSIVE;
				CLANG_CXX_LANGUAGE_STANDARD = "gnu++14";
				CLANG_CXX_LIBRARY = "libc++";
				CLANG_ENABLE_MODULES = YES;
				CLANG_ENABLE_OBJC_ARC = YES;
				CLANG_ENABLE_OBJC_WEAK = YES;
				CLANG_WARN_BLOCK_CAPTURE_AUTORELEASING = YES;
				CLANG_WARN_BOOL_CONVERSION = YES;
				CLANG_WARN_COMMA = YES;
				CLANG_WARN_CONSTANT_CONVERSION = YES;
				CLANG_WARN_DEPRECATED_OBJC_IMPLEMENTATIONS = YES;
				CLANG_WARN_DIRECT_OBJC_ISA_USAGE = YES_ERROR;
				CLANG_WARN_DOCUMENTATION_COMMENTS = YES;
				CLANG_WARN_EMPTY_BODY = YES;
				CLANG_WARN_ENUM_CONVERSION = YES;
				CLANG_WARN_INFINITE_RECURSION = YES;
				CLANG_WARN_INT_CONVERSION = YES;
				CLANG_WARN_NON_LITERAL_NULL_CONVERSION = YES;
				CLANG_WARN_OBJC_IMPLICIT_RETAIN_SELF = YES;
				CLANG_WARN_OBJC_LITERAL_CONVERSION = YES;
				CLANG_WARN_OBJC_ROOT_CLASS = YES_ERROR;
				CLANG_WARN_RANGE_LOOP_ANALYSIS = YES;
				CLANG_WARN_STRICT_PROTOTYPES = YES;
				CLANG_WARN_SUSPICIOUS_MOVE = YES;
				CLANG_WARN_UNGUARDED_AVAILABILITY = YES_AGGRESSIVE;
				CLANG_WARN_UNREACHABLE_CODE = YES;
				CLANG_WARN__DUPLICATE_METHOD_MATCH = YES;
				CODE_SIGN_IDENTITY = "iPhone Developer";
				COPY_PHASE_STRIP = NO;
				DEBUG_INFORMATION_FORMAT = dwarf;
				ENABLE_STRICT_OBJC_MSGSEND = YES;
				ENABLE_TESTABILITY = YES;
				GCC_C_LANGUAGE_STANDARD = gnu11;
				GCC_DYNAMIC_NO_PIC = NO;
				GCC_NO_COMMON_BLOCKS = YES;
				GCC_OPTIMIZATION_LEVEL = 0;
				GCC_PREPROCESSOR_DEFINITIONS = (
					"DEBUG=1",
					"$(inherited)",
				);
				GCC_WARN_64_TO_32_BIT_CONVERSION = YES;
				GCC_WARN_ABOUT_RETURN_TYPE = YES_ERROR;
				GCC_WARN_UNDECLARED_SELECTOR = YES;
				GCC_WARN_UNINITIALIZED_AUTOS = YES_AGGRESSIVE;
				GCC_WARN_UNUSED_FUNCTION = YES;
				GCC_WARN_UNUSED_VARIABLE = YES;
				IPHONEOS_DEPLOYMENT_TARGET = 11.4;
				MTL_ENABLE_DEBUG_INFO = YES;
				ONLY_ACTIVE_ARCH = YES;
				SDKROOT = iphoneos;
				SWIFT_ACTIVE_COMPILATION_CONDITIONS = DEBUG;
				SWIFT_OPTIMIZATION_LEVEL = "-Onone";
			};
			name = Debug;
		};
		AD7C2DD520D363730037D486 /* Release */ = {
			isa = XCBuildConfiguration;
			buildSettings = {
				ALWAYS_SEARCH_USER_PATHS = NO;
				CLANG_ANALYZER_NONNULL = YES;
				CLANG_ANALYZER_NUMBER_OBJECT_CONVERSION = YES_AGGRESSIVE;
				CLANG_CXX_LANGUAGE_STANDARD = "gnu++14";
				CLANG_CXX_LIBRARY = "libc++";
				CLANG_ENABLE_MODULES = YES;
				CLANG_ENABLE_OBJC_ARC = YES;
				CLANG_ENABLE_OBJC_WEAK = YES;
				CLANG_WARN_BLOCK_CAPTURE_AUTORELEASING = YES;
				CLANG_WARN_BOOL_CONVERSION = YES;
				CLANG_WARN_COMMA = YES;
				CLANG_WARN_CONSTANT_CONVERSION = YES;
				CLANG_WARN_DEPRECATED_OBJC_IMPLEMENTATIONS = YES;
				CLANG_WARN_DIRECT_OBJC_ISA_USAGE = YES_ERROR;
				CLANG_WARN_DOCUMENTATION_COMMENTS = YES;
				CLANG_WARN_EMPTY_BODY = YES;
				CLANG_WARN_ENUM_CONVERSION = YES;
				CLANG_WARN_INFINITE_RECURSION = YES;
				CLANG_WARN_INT_CONVERSION = YES;
				CLANG_WARN_NON_LITERAL_NULL_CONVERSION = YES;
				CLANG_WARN_OBJC_IMPLICIT_RETAIN_SELF = YES;
				CLANG_WARN_OBJC_LITERAL_CONVERSION = YES;
				CLANG_WARN_OBJC_ROOT_CLASS = YES_ERROR;
				CLANG_WARN_RANGE_LOOP_ANALYSIS = YES;
				CLANG_WARN_STRICT_PROTOTYPES = YES;
				CLANG_WARN_SUSPICIOUS_MOVE = YES;
				CLANG_WARN_UNGUARDED_AVAILABILITY = YES_AGGRESSIVE;
				CLANG_WARN_UNREACHABLE_CODE = YES;
				CLANG_WARN__DUPLICATE_METHOD_MATCH = YES;
				CODE_SIGN_IDENTITY = "iPhone Developer";
				COPY_PHASE_STRIP = NO;
				DEBUG_INFORMATION_FORMAT = "dwarf-with-dsym";
				ENABLE_NS_ASSERTIONS = NO;
				ENABLE_STRICT_OBJC_MSGSEND = YES;
				GCC_C_LANGUAGE_STANDARD = gnu11;
				GCC_NO_COMMON_BLOCKS = YES;
				GCC_WARN_64_TO_32_BIT_CONVERSION = YES;
				GCC_WARN_ABOUT_RETURN_TYPE = YES_ERROR;
				GCC_WARN_UNDECLARED_SELECTOR = YES;
				GCC_WARN_UNINITIALIZED_AUTOS = YES_AGGRESSIVE;
				GCC_WARN_UNUSED_FUNCTION = YES;
				GCC_WARN_UNUSED_VARIABLE = YES;
				IPHONEOS_DEPLOYMENT_TARGET = 11.4;
				MTL_ENABLE_DEBUG_INFO = NO;
				SDKROOT = iphoneos;
				SWIFT_COMPILATION_MODE = wholemodule;
				SWIFT_OPTIMIZATION_LEVEL = "-O";
				VALIDATE_PRODUCT = YES;
			};
			name = Release;
		};
		AD7C2DD720D363730037D486 /* Debug */ = {
			isa = XCBuildConfiguration;
			baseConfigurationReference = CB5F73568421F9FF228A0D8F /* Pods-CellKitDemo.debug.xcconfig */;
			buildSettings = {
				ASSETCATALOG_COMPILER_APPICON_NAME = AppIcon;
				CODE_SIGN_STYLE = Automatic;
				DEVELOPMENT_TEAM = 5BDQF9LPZ9;
				INFOPLIST_FILE = CellKitDemo/Info.plist;
				LD_RUNPATH_SEARCH_PATHS = (
					"$(inherited)",
					"@executable_path/Frameworks",
				);
				PRODUCT_BUNDLE_IDENTIFIER = com.haoran.CellKitDemo;
				PRODUCT_NAME = "$(TARGET_NAME)";
				SWIFT_VERSION = 4.0;
				TARGETED_DEVICE_FAMILY = "1,2";
			};
			name = Debug;
		};
		AD7C2DD820D363730037D486 /* Release */ = {
			isa = XCBuildConfiguration;
			baseConfigurationReference = 83851035FA88C247DBEB6161 /* Pods-CellKitDemo.release.xcconfig */;
			buildSettings = {
				ASSETCATALOG_COMPILER_APPICON_NAME = AppIcon;
				CODE_SIGN_STYLE = Automatic;
				DEVELOPMENT_TEAM = 5BDQF9LPZ9;
				INFOPLIST_FILE = CellKitDemo/Info.plist;
				LD_RUNPATH_SEARCH_PATHS = (
					"$(inherited)",
					"@executable_path/Frameworks",
				);
				PRODUCT_BUNDLE_IDENTIFIER = com.haoran.CellKitDemo;
				PRODUCT_NAME = "$(TARGET_NAME)";
				SWIFT_VERSION = 4.0;
				TARGETED_DEVICE_FAMILY = "1,2";
			};
			name = Release;
		};
/* End XCBuildConfiguration section */

/* Begin XCConfigurationList section */
		AD7C2DBF20D363720037D486 /* Build configuration list for PBXProject "CellKitDemo" */ = {
			isa = XCConfigurationList;
			buildConfigurations = (
				AD7C2DD420D363730037D486 /* Debug */,
				AD7C2DD520D363730037D486 /* Release */,
			);
			defaultConfigurationIsVisible = 0;
			defaultConfigurationName = Release;
		};
		AD7C2DD620D363730037D486 /* Build configuration list for PBXNativeTarget "CellKitDemo" */ = {
			isa = XCConfigurationList;
			buildConfigurations = (
				AD7C2DD720D363730037D486 /* Debug */,
				AD7C2DD820D363730037D486 /* Release */,
			);
			defaultConfigurationIsVisible = 0;
			defaultConfigurationName = Release;
		};
/* End XCConfigurationList section */
	};
	rootObject = AD7C2DBC20D363720037D486 /* Project object */;
}
