// !$*UTF8*$!
{
	archiveVersion = 1;
	classes = {
	};
	objectVersion = 50;
	objects = {

/* Begin PBXBuildFile section */
		AD06B7A6239E244700EAEC73 /* AppDelegate.swift in Sources */ = {isa = PBXBuildFile; fileRef = AD06B7A5239E244700EAEC73 /* AppDelegate.swift */; };
		AD06B7A8239E244700EAEC73 /* SceneDelegate.swift in Sources */ = {isa = PBXBuildFile; fileRef = AD06B7A7239E244700EAEC73 /* SceneDelegate.swift */; };
		AD06B7AA239E244700EAEC73 /* ViewController.swift in Sources */ = {isa = PBXBuildFile; fileRef = AD06B7A9239E244700EAEC73 /* ViewController.swift */; };
		AD06B7AD239E244700EAEC73 /* Main.storyboard in Resources */ = {isa = PBXBuildFile; fileRef = AD06B7AB239E244700EAEC73 /* Main.storyboard */; };
		AD06B7AF239E244900EAEC73 /* Assets.xcassets in Resources */ = {isa = PBXBuildFile; fileRef = AD06B7AE239E244900EAEC73 /* Assets.xcassets */; };
		AD06B7B2239E244900EAEC73 /* LaunchScreen.storyboard in Resources */ = {isa = PBXBuildFile; fileRef = AD06B7B0239E244900EAEC73 /* LaunchScreen.storyboard */; };
/* End PBXBuildFile section */

/* Begin PBXFileReference section */
		AD06B7A2239E244700EAEC73 /* StackViewLearn.app */ = {isa = PBXFileReference; explicitFileType = wrapper.application; includeInIndex = 0; path = StackViewLearn.app; sourceTree = BUILT_PRODUCTS_DIR; };
		AD06B7A5239E244700EAEC73 /* AppDelegate.swift */ = {isa = PBXFileReference; lastKnownFileType = sourcecode.swift; path = AppDelegate.swift; sourceTree = "<group>"; };
		AD06B7A7239E244700EAEC73 /* SceneDelegate.swift */ = {isa = PBXFileReference; lastKnownFileType = sourcecode.swift; path = SceneDelegate.swift; sourceTree = "<group>"; };
		AD06B7A9239E244700EAEC73 /* ViewController.swift */ = {isa = PBXFileReference; lastKnownFileType = sourcecode.swift; path = ViewController.swift; sourceTree = "<group>"; };
		AD06B7AC239E244700EAEC73 /* Base */ = {isa = PBXFileReference; lastKnownFileType = file.storyboard; name = Base; path = Base.lproj/Main.storyboard; sourceTree = "<group>"; };
		AD06B7AE239E244900EAEC73 /* Assets.xcassets */ = {isa = PBXFileReference; lastKnownFileType = folder.assetcatalog; path = Assets.xcassets; sourceTree = "<group>"; };
		AD06B7B1239E244900EAEC73 /* Base */ = {isa = PBXFileReference; lastKnownFileType = file.storyboard; name = Base; path = Base.lproj/LaunchScreen.storyboard; sourceTree = "<group>"; };
		AD06B7B3239E244900EAEC73 /* Info.plist */ = {isa = PBXFileReference; lastKnownFileType = text.plist.xml; path = Info.plist; sourceTree = "<group>"; };
/* End PBXFileReference section */

/* Begin PBXFrameworksBuildPhase section */
		AD06B79F239E244700EAEC73 /* Frameworks */ = {
			isa = PBXFrameworksBuildPhase;
			buildActionMask = 2147483647;
			files = (
			);
			runOnlyForDeploymentPostprocessing = 0;
		};
/* End PBXFrameworksBuildPhase section */

/* Begin PBXGroup section */
		AD06B799239E244700EAEC73 = {
			isa = PBXGroup;
			children = (
				AD06B7A4239E244700EAEC73 /* StackViewLearn */,
				AD06B7A3239E244700EAEC73 /* Products */,
			);
			sourceTree = "<group>";
		};
		AD06B7A3239E244700EAEC73 /* Products */ = {
			isa = PBXGroup;
			children = (
				AD06B7A2239E244700EAEC73 /* StackViewLearn.app */,
			);
			name = Products;
			sourceTree = "<group>";
		};
		AD06B7A4239E244700EAEC73 /* StackViewLearn */ = {
			isa = PBXGroup;
			children = (
				AD06B7A5239E244700EAEC73 /* AppDelegate.swift */,
				AD06B7A7239E244700EAEC73 /* SceneDelegate.swift */,
				AD06B7A9239E244700EAEC73 /* ViewController.swift */,
				AD06B7AB239E244700EAEC73 /* Main.storyboard */,
				AD06B7AE239E244900EAEC73 /* Assets.xcassets */,
				AD06B7B0239E244900EAEC73 /* LaunchScreen.storyboard */,
				AD06B7B3239E244900EAEC73 /* Info.plist */,
			);
			path = StackViewLearn;
			sourceTree = "<group>";
		};
/* End PBXGroup section */

/* Begin PBXNativeTarget section */
		AD06B7A1239E244700EAEC73 /* StackViewLearn */ = {
			isa = PBXNativeTarget;
			buildConfigurationList = AD06B7B6239E244900EAEC73 /* Build configuration list for PBXNativeTarget "StackViewLearn" */;
			buildPhases = (
				AD06B79E239E244700EAEC73 /* Sources */,
				AD06B79F239E244700EAEC73 /* Frameworks */,
				AD06B7A0239E244700EAEC73 /* Resources */,
			);
			buildRules = (
			);
			dependencies = (
			);
			name = StackViewLearn;
			productName = StackViewLearn;
			productReference = AD06B7A2239E244700EAEC73 /* StackViewLearn.app */;
			productType = "com.apple.product-type.application";
		};
/* End PBXNativeTarget section */

/* Begin PBXProject section */
		AD06B79A239E244700EAEC73 /* Project object */ = {
			isa = PBXProject;
			attributes = {
				LastSwiftUpdateCheck = 1110;
				LastUpgradeCheck = 1110;
				ORGANIZATIONNAME = haoran;
				TargetAttributes = {
					AD06B7A1239E244700EAEC73 = {
						CreatedOnToolsVersion = 11.1;
					};
				};
			};
			buildConfigurationList = AD06B79D239E244700EAEC73 /* Build configuration list for PBXProject "StackViewLearn" */;
			compatibilityVersion = "Xcode 9.3";
			developmentRegion = en;
			hasScannedForEncodings = 0;
			knownRegions = (
				en,
				Base,
			);
			mainGroup = AD06B799239E244700EAEC73;
			productRefGroup = AD06B7A3239E244700EAEC73 /* Products */;
			projectDirPath = "";
			projectRoot = "";
			targets = (
				AD06B7A1239E244700EAEC73 /* StackViewLearn */,
			);
		};
/* End PBXProject section */

/* Begin PBXResourcesBuildPhase section */
		AD06B7A0239E244700EAEC73 /* Resources */ = {
			isa = PBXResourcesBuildPhase;
			buildActionMask = 2147483647;
			files = (
				AD06B7B2239E244900EAEC73 /* LaunchScreen.storyboard in Resources */,
				AD06B7AF239E244900EAEC73 /* Assets.xcassets in Resources */,
				AD06B7AD239E244700EAEC73 /* Main.storyboard in Resources */,
			);
			runOnlyForDeploymentPostprocessing = 0;
		};
/* End PBXResourcesBuildPhase section */

/* Begin PBXSourcesBuildPhase section */
		AD06B79E239E244700EAEC73 /* Sources */ = {
			isa = PBXSourcesBuildPhase;
			buildActionMask = 2147483647;
			files = (
				AD06B7AA239E244700EAEC73 /* ViewController.swift in Sources */,
				AD06B7A6239E244700EAEC73 /* AppDelegate.swift in Sources */,
				AD06B7A8239E244700EAEC73 /* SceneDelegate.swift in Sources */,
			);
			runOnlyForDeploymentPostprocessing = 0;
		};
/* End PBXSourcesBuildPhase section */

/* Begin PBXVariantGroup section */
		AD06B7AB239E244700EAEC73 /* Main.storyboard */ = {
			isa = PBXVariantGroup;
			children = (
				AD06B7AC239E244700EAEC73 /* Base */,
			);
			name = Main.storyboard;
			sourceTree = "<group>";
		};
		AD06B7B0239E244900EAEC73 /* LaunchScreen.storyboard */ = {
			isa = PBXVariantGroup;
			children = (
				AD06B7B1239E244900EAEC73 /* Base */,
			);
			name = LaunchScreen.storyboard;
			sourceTree = "<group>";
		};
/* End PBXVariantGroup section */

/* Begin XCBuildConfiguration section */
		AD06B7B4239E244900EAEC73 /* Debug */ = {
			isa = XCBuildConfiguration;
			buildSettings = {
				ALWAYS_SEARCH_USER_PATHS = NO;
				CLANG_ANALYZER_NONNULL = YES;
				CLANG_ANALYZER_NUMBER_OBJECT_CONVERSION = YES_AGGRESSIVE;
				CLANG_CXX_LANGUAGE_STANDARD = "gnu++14";
				CLANG_CXX_LIBRARY = "libc++";
				CLANG_ENABLE_MODULES = YES;
				CLANG_ENABLE_OBJC_ARC = YES;
				CLANG_ENABLE_OBJC_WEAK = YES;
				CLANG_WARN_BLOCK_CAPTURE_AUTORELEASING = YES;
				CLANG_WARN_BOOL_CONVERSION = YES;
				CLANG_WARN_COMMA = YES;
				CLANG_WARN_CONSTANT_CONVERSION = YES;
				CLANG_WARN_DEPRECATED_OBJC_IMPLEMENTATIONS = YES;
				CLANG_WARN_DIRECT_OBJC_ISA_USAGE = YES_ERROR;
				CLANG_WARN_DOCUMENTATION_COMMENTS = YES;
				CLANG_WARN_EMPTY_BODY = YES;
				CLANG_WARN_ENUM_CONVERSION = YES;
				CLANG_WARN_INFINITE_RECURSION = YES;
				CLANG_WARN_INT_CONVERSION = YES;
				CLANG_WARN_NON_LITERAL_NULL_CONVERSION = YES;
				CLANG_WARN_OBJC_IMPLICIT_RETAIN_SELF = YES;
				CLANG_WARN_OBJC_LITERAL_CONVERSION = YES;
				CLANG_WARN_OBJC_ROOT_CLASS = YES_ERROR;
				CLANG_WARN_RANGE_LOOP_ANALYSIS = YES;
				CLANG_WARN_STRICT_PROTOTYPES = YES;
				CLANG_WARN_SUSPICIOUS_MOVE = YES;
				CLANG_WARN_UNGUARDED_AVAILABILITY = YES_AGGRESSIVE;
				CLANG_WARN_UNREACHABLE_CODE = YES;
				CLANG_WARN__DUPLICATE_METHOD_MATCH = YES;
				COPY_PHASE_STRIP = NO;
				DEBUG_INFORMATION_FORMAT = dwarf;
				ENABLE_STRICT_OBJC_MSGSEND = YES;
				ENABLE_TESTABILITY = YES;
				GCC_C_LANGUAGE_STANDARD = gnu11;
				GCC_DYNAMIC_NO_PIC = NO;
				GCC_NO_COMMON_BLOCKS = YES;
				GCC_OPTIMIZATION_LEVEL = 0;
				GCC_PREPROCESSOR_DEFINITIONS = (
					"DEBUG=1",
					"$(inherited)",
				);
				GCC_WARN_64_TO_32_BIT_CONVERSION = YES;
				GCC_WARN_ABOUT_RETURN_TYPE = YES_ERROR;
				GCC_WARN_UNDECLARED_SELECTOR = YES;
				GCC_WARN_UNINITIALIZED_AUTOS = YES_AGGRESSIVE;
				GCC_WARN_UNUSED_FUNCTION = YES;
				GCC_WARN_UNUSED_VARIABLE = YES;
				IPHONEOS_DEPLOYMENT_TARGET = 13.1;
				MTL_ENABLE_DEBUG_INFO = INCLUDE_SOURCE;
				MTL_FAST_MATH = YES;
				ONLY_ACTIVE_ARCH = YES;
				SDKROOT = iphoneos;
				SWIFT_ACTIVE_COMPILATION_CONDITIONS = DEBUG;
				SWIFT_OPTIMIZATION_LEVEL = "-Onone";
			};
			name = Debug;
		};
		AD06B7B5239E244900EAEC73 /* Release */ = {
			isa = XCBuildConfiguration;
			buildSettings = {
				ALWAYS_SEARCH_USER_PATHS = NO;
				CLANG_ANALYZER_NONNULL = YES;
				CLANG_ANALYZER_NUMBER_OBJECT_CONVERSION = YES_AGGRESSIVE;
				CLANG_CXX_LANGUAGE_STANDARD = "gnu++14";
				CLANG_CXX_LIBRARY = "libc++";
				CLANG_ENABLE_MODULES = YES;
				CLANG_ENABLE_OBJC_ARC = YES;
				CLANG_ENABLE_OBJC_WEAK = YES;
				CLANG_WARN_BLOCK_CAPTURE_AUTORELEASING = YES;
				CLANG_WARN_BOOL_CONVERSION = YES;
				CLANG_WARN_COMMA = YES;
				CLANG_WARN_CONSTANT_CONVERSION = YES;
				CLANG_WARN_DEPRECATED_OBJC_IMPLEMENTATIONS = YES;
				CLANG_WARN_DIRECT_OBJC_ISA_USAGE = YES_ERROR;
				CLANG_WARN_DOCUMENTATION_COMMENTS = YES;
				CLANG_WARN_EMPTY_BODY = YES;
				CLANG_WARN_ENUM_CONVERSION = YES;
				CLANG_WARN_INFINITE_RECURSION = YES;
				CLANG_WARN_INT_CONVERSION = YES;
				CLANG_WARN_NON_LITERAL_NULL_CONVERSION = YES;
				CLANG_WARN_OBJC_IMPLICIT_RETAIN_SELF = YES;
				CLANG_WARN_OBJC_LITERAL_CONVERSION = YES;
				CLANG_WARN_OBJC_ROOT_CLASS = YES_ERROR;
				CLANG_WARN_RANGE_LOOP_ANALYSIS = YES;
				CLANG_WARN_STRICT_PROTOTYPES = YES;
				CLANG_WARN_SUSPICIOUS_MOVE = YES;
				CLANG_WARN_UNGUARDED_AVAILABILITY = YES_AGGRESSIVE;
				CLANG_WARN_UNREACHABLE_CODE = YES;
				CLANG_WARN__DUPLICATE_METHOD_MATCH = YES;
				COPY_PHASE_STRIP = NO;
				DEBUG_INFORMATION_FORMAT = "dwarf-with-dsym";
				ENABLE_NS_ASSERTIONS = NO;
				ENABLE_STRICT_OBJC_MSGSEND = YES;
				GCC_C_LANGUAGE_STANDARD = gnu11;
				GCC_NO_COMMON_BLOCKS = YES;
				GCC_WARN_64_TO_32_BIT_CONVERSION = YES;
				GCC_WARN_ABOUT_RETURN_TYPE = YES_ERROR;
				GCC_WARN_UNDECLARED_SELECTOR = YES;
				GCC_WARN_UNINITIALIZED_AUTOS = YES_AGGRESSIVE;
				GCC_WARN_UNUSED_FUNCTION = YES;
				GCC_WARN_UNUSED_VARIABLE = YES;
				IPHONEOS_DEPLOYMENT_TARGET = 13.1;
				MTL_ENABLE_DEBUG_INFO = NO;
				MTL_FAST_MATH = YES;
				SDKROOT = iphoneos;
				SWIFT_COMPILATION_MODE = wholemodule;
				SWIFT_OPTIMIZATION_LEVEL = "-O";
				VALIDATE_PRODUCT = YES;
			};
			name = Release;
		};
		AD06B7B7239E244900EAEC73 /* Debug */ = {
			isa = XCBuildConfiguration;
			buildSettings = {
				ASSETCATALOG_COMPILER_APPICON_NAME = AppIcon;
				CODE_SIGN_STYLE = Automatic;
				INFOPLIST_FILE = StackViewLearn/Info.plist;
				LD_RUNPATH_SEARCH_PATHS = (
					"$(inherited)",
					"@executable_path/Frameworks",
				);
				PRODUCT_BUNDLE_IDENTIFIER = com.xuhaoran.StackViewLearn;
				PRODUCT_NAME = "$(TARGET_NAME)";
				SWIFT_VERSION = 5.0;
				TARGETED_DEVICE_FAMILY = "1,2";
			};
			name = Debug;
		};
		AD06B7B8239E244900EAEC73 /* Release */ = {
			isa = XCBuildConfiguration;
			buildSettings = {
				ASSETCATALOG_COMPILER_APPICON_NAME = AppIcon;
				CODE_SIGN_STYLE = Automatic;
				INFOPLIST_FILE = StackViewLearn/Info.plist;
				LD_RUNPATH_SEARCH_PATHS = (
					"$(inherited)",
					"@executable_path/Frameworks",
				);
				PRODUCT_BUNDLE_IDENTIFIER = com.xuhaoran.StackViewLearn;
				PRODUCT_NAME = "$(TARGET_NAME)";
				SWIFT_VERSION = 5.0;
				TARGETED_DEVICE_FAMILY = "1,2";
			};
			name = Release;
		};
/* End XCBuildConfiguration section */

/* Begin XCConfigurationList section */
		AD06B79D239E244700EAEC73 /* Build configuration list for PBXProject "StackViewLearn" */ = {
			isa = XCConfigurationList;
			buildConfigurations = (
				AD06B7B4239E244900EAEC73 /* Debug */,
				AD06B7B5239E244900EAEC73 /* Release */,
			);
			defaultConfigurationIsVisible = 0;
			defaultConfigurationName = Release;
		};
		AD06B7B6239E244900EAEC73 /* Build configuration list for PBXNativeTarget "StackViewLearn" */ = {
			isa = XCConfigurationList;
			buildConfigurations = (
				AD06B7B7239E244900EAEC73 /* Debug */,
				AD06B7B8239E244900EAEC73 /* Release */,
			);
			defaultConfigurationIsVisible = 0;
			defaultConfigurationName = Release;
		};
/* End XCConfigurationList section */
	};
	rootObject = AD06B79A239E244700EAEC73 /* Project object */;
}
