// !$*UTF8*$!
{
	archiveVersion = 1;
	classes = {
	};
	objectVersion = 48;
	objects = {

/* Begin PBXBuildFile section */
		0E93BEF4CDF7512220B48D17 /* Pods_YGCVideoToolboxTest.framework in Frameworks */ = {isa = PBXBuildFile; fileRef = 6C1C6482261F9FCD5456160E /* Pods_YGCVideoToolboxTest.framework */; };
		ADB3517C203EC26F00F336E0 /* AppDelegate.swift in Sources */ = {isa = PBXBuildFile; fileRef = ADB3517B203EC26F00F336E0 /* AppDelegate.swift */; };
		ADB3517E203EC26F00F336E0 /* ViewController.swift in Sources */ = {isa = PBXBuildFile; fileRef = ADB3517D203EC26F00F336E0 /* ViewController.swift */; };
		ADB35181203EC26F00F336E0 /* Main.storyboard in Resources */ = {isa = PBXBuildFile; fileRef = ADB3517F203EC26F00F336E0 /* Main.storyboard */; };
		ADB35183203EC26F00F336E0 /* Assets.xcassets in Resources */ = {isa = PBXBuildFile; fileRef = ADB35182203EC26F00F336E0 /* Assets.xcassets */; };
		ADB35186203EC26F00F336E0 /* LaunchScreen.storyboard in Resources */ = {isa = PBXBuildFile; fileRef = ADB35184203EC26F00F336E0 /* LaunchScreen.storyboard */; };
/* End PBXBuildFile section */

/* Begin PBXFileReference section */
		43CACD96CD8BE4A59DFC18E2 /* Pods-YGCVideoToolboxTest.release.xcconfig */ = {isa = PBXFileReference; includeInIndex = 1; lastKnownFileType = text.xcconfig; name = "Pods-YGCVideoToolboxTest.release.xcconfig"; path = "Pods/Target Support Files/Pods-YGCVideoToolboxTest/Pods-YGCVideoToolboxTest.release.xcconfig"; sourceTree = "<group>"; };
		6C1C6482261F9FCD5456160E /* Pods_YGCVideoToolboxTest.framework */ = {isa = PBXFileReference; explicitFileType = wrapper.framework; includeInIndex = 0; path = Pods_YGCVideoToolboxTest.framework; sourceTree = BUILT_PRODUCTS_DIR; };
		ADB35178203EC26F00F336E0 /* YGCVideoToolboxTest.app */ = {isa = PBXFileReference; explicitFileType = wrapper.application; includeInIndex = 0; path = YGCVideoToolboxTest.app; sourceTree = BUILT_PRODUCTS_DIR; };
		ADB3517B203EC26F00F336E0 /* AppDelegate.swift */ = {isa = PBXFileReference; lastKnownFileType = sourcecode.swift; path = AppDelegate.swift; sourceTree = "<group>"; };
		ADB3517D203EC26F00F336E0 /* ViewController.swift */ = {isa = PBXFileReference; lastKnownFileType = sourcecode.swift; path = ViewController.swift; sourceTree = "<group>"; };
		ADB35180203EC26F00F336E0 /* Base */ = {isa = PBXFileReference; lastKnownFileType = file.storyboard; name = Base; path = Base.lproj/Main.storyboard; sourceTree = "<group>"; };
		ADB35182203EC26F00F336E0 /* Assets.xcassets */ = {isa = PBXFileReference; lastKnownFileType = folder.assetcatalog; path = Assets.xcassets; sourceTree = "<group>"; };
		ADB35185203EC26F00F336E0 /* Base */ = {isa = PBXFileReference; lastKnownFileType = file.storyboard; name = Base; path = Base.lproj/LaunchScreen.storyboard; sourceTree = "<group>"; };
		ADB35187203EC26F00F336E0 /* Info.plist */ = {isa = PBXFileReference; lastKnownFileType = text.plist.xml; path = Info.plist; sourceTree = "<group>"; };
		B465F41305F42D23E05E2A9F /* Pods-YGCVideoToolboxTest.debug.xcconfig */ = {isa = PBXFileReference; includeInIndex = 1; lastKnownFileType = text.xcconfig; name = "Pods-YGCVideoToolboxTest.debug.xcconfig"; path = "Pods/Target Support Files/Pods-YGCVideoToolboxTest/Pods-YGCVideoToolboxTest.debug.xcconfig"; sourceTree = "<group>"; };
/* End PBXFileReference section */

/* Begin PBXFrameworksBuildPhase section */
		ADB35175203EC26F00F336E0 /* Frameworks */ = {
			isa = PBXFrameworksBuildPhase;
			buildActionMask = 2147483647;
			files = (
				0E93BEF4CDF7512220B48D17 /* Pods_YGCVideoToolboxTest.framework in Frameworks */,
			);
			runOnlyForDeploymentPostprocessing = 0;
		};
/* End PBXFrameworksBuildPhase section */

/* Begin PBXGroup section */
		ADB3516F203EC26F00F336E0 = {
			isa = PBXGroup;
			children = (
				ADB3517A203EC26F00F336E0 /* YGCVideoToolboxTest */,
				ADB35179203EC26F00F336E0 /* Products */,
				C2CD8DFA06986C1BB6ACF59F /* Pods */,
				E55BE60EDD0CCF235A458B8B /* Frameworks */,
			);
			sourceTree = "<group>";
		};
		ADB35179203EC26F00F336E0 /* Products */ = {
			isa = PBXGroup;
			children = (
				ADB35178203EC26F00F336E0 /* YGCVideoToolboxTest.app */,
			);
			name = Products;
			sourceTree = "<group>";
		};
		ADB3517A203EC26F00F336E0 /* YGCVideoToolboxTest */ = {
			isa = PBXGroup;
			children = (
				ADB3517B203EC26F00F336E0 /* AppDelegate.swift */,
				ADB3517D203EC26F00F336E0 /* ViewController.swift */,
				ADB3517F203EC26F00F336E0 /* Main.storyboard */,
				ADB35182203EC26F00F336E0 /* Assets.xcassets */,
				ADB35184203EC26F00F336E0 /* LaunchScreen.storyboard */,
				ADB35187203EC26F00F336E0 /* Info.plist */,
			);
			path = YGCVideoToolboxTest;
			sourceTree = "<group>";
		};
		C2CD8DFA06986C1BB6ACF59F /* Pods */ = {
			isa = PBXGroup;
			children = (
				B465F41305F42D23E05E2A9F /* Pods-YGCVideoToolboxTest.debug.xcconfig */,
				43CACD96CD8BE4A59DFC18E2 /* Pods-YGCVideoToolboxTest.release.xcconfig */,
			);
			name = Pods;
			sourceTree = "<group>";
		};
		E55BE60EDD0CCF235A458B8B /* Frameworks */ = {
			isa = PBXGroup;
			children = (
				6C1C6482261F9FCD5456160E /* Pods_YGCVideoToolboxTest.framework */,
			);
			name = Frameworks;
			sourceTree = "<group>";
		};
/* End PBXGroup section */

/* Begin PBXNativeTarget section */
		ADB35177203EC26F00F336E0 /* YGCVideoToolboxTest */ = {
			isa = PBXNativeTarget;
			buildConfigurationList = ADB3518A203EC26F00F336E0 /* Build configuration list for PBXNativeTarget "YGCVideoToolboxTest" */;
			buildPhases = (
				33720164626E514B381FC8FF /* [CP] Check Pods Manifest.lock */,
				ADB35174203EC26F00F336E0 /* Sources */,
				ADB35175203EC26F00F336E0 /* Frameworks */,
				ADB35176203EC26F00F336E0 /* Resources */,
				559C95AB834CBD40317FCB63 /* [CP] Embed Pods Frameworks */,
				31B3545346C58A719B7C8F11 /* [CP] Copy Pods Resources */,
			);
			buildRules = (
			);
			dependencies = (
			);
			name = YGCVideoToolboxTest;
			productName = YGCVideoToolboxTest;
			productReference = ADB35178203EC26F00F336E0 /* YGCVideoToolboxTest.app */;
			productType = "com.apple.product-type.application";
		};
/* End PBXNativeTarget section */

/* Begin PBXProject section */
		ADB35170203EC26F00F336E0 /* Project object */ = {
			isa = PBXProject;
			attributes = {
				LastSwiftUpdateCheck = 0920;
				LastUpgradeCheck = 0920;
				ORGANIZATIONNAME = Fclassroom;
				TargetAttributes = {
					ADB35177203EC26F00F336E0 = {
						CreatedOnToolsVersion = 9.2;
						ProvisioningStyle = Manual;
					};
				};
			};
			buildConfigurationList = ADB35173203EC26F00F336E0 /* Build configuration list for PBXProject "YGCVideoToolboxTest" */;
			compatibilityVersion = "Xcode 8.0";
			developmentRegion = en;
			hasScannedForEncodings = 0;
			knownRegions = (
				en,
				Base,
			);
			mainGroup = ADB3516F203EC26F00F336E0;
			productRefGroup = ADB35179203EC26F00F336E0 /* Products */;
			projectDirPath = "";
			projectRoot = "";
			targets = (
				ADB35177203EC26F00F336E0 /* YGCVideoToolboxTest */,
			);
		};
/* End PBXProject section */

/* Begin PBXResourcesBuildPhase section */
		ADB35176203EC26F00F336E0 /* Resources */ = {
			isa = PBXResourcesBuildPhase;
			buildActionMask = 2147483647;
			files = (
				ADB35186203EC26F00F336E0 /* LaunchScreen.storyboard in Resources */,
				ADB35183203EC26F00F336E0 /* Assets.xcassets in Resources */,
				ADB35181203EC26F00F336E0 /* Main.storyboard in Resources */,
			);
			runOnlyForDeploymentPostprocessing = 0;
		};
/* End PBXResourcesBuildPhase section */

/* Begin PBXShellScriptBuildPhase section */
		31B3545346C58A719B7C8F11 /* [CP] Copy Pods Resources */ = {
			isa = PBXShellScriptBuildPhase;
			buildActionMask = 2147483647;
			files = (
			);
			inputPaths = (
			);
			name = "[CP] Copy Pods Resources";
			outputPaths = (
			);
			runOnlyForDeploymentPostprocessing = 0;
			shellPath = /bin/sh;
			shellScript = "\"${SRCROOT}/Pods/Target Support Files/Pods-YGCVideoToolboxTest/Pods-YGCVideoToolboxTest-resources.sh\"\n";
			showEnvVarsInLog = 0;
		};
		33720164626E514B381FC8FF /* [CP] Check Pods Manifest.lock */ = {
			isa = PBXShellScriptBuildPhase;
			buildActionMask = 2147483647;
			files = (
			);
			inputPaths = (
				"${PODS_PODFILE_DIR_PATH}/Podfile.lock",
				"${PODS_ROOT}/Manifest.lock",
			);
			name = "[CP] Check Pods Manifest.lock";
			outputPaths = (
				"$(DERIVED_FILE_DIR)/Pods-YGCVideoToolboxTest-checkManifestLockResult.txt",
			);
			runOnlyForDeploymentPostprocessing = 0;
			shellPath = /bin/sh;
			shellScript = "diff \"${PODS_PODFILE_DIR_PATH}/Podfile.lock\" \"${PODS_ROOT}/Manifest.lock\" > /dev/null\nif [ $? != 0 ] ; then\n    # print error to STDERR\n    echo \"error: The sandbox is not in sync with the Podfile.lock. Run 'pod install' or update your CocoaPods installation.\" >&2\n    exit 1\nfi\n# This output is used by Xcode 'outputs' to avoid re-running this script phase.\necho \"SUCCESS\" > \"${SCRIPT_OUTPUT_FILE_0}\"\n";
			showEnvVarsInLog = 0;
		};
		559C95AB834CBD40317FCB63 /* [CP] Embed Pods Frameworks */ = {
			isa = PBXShellScriptBuildPhase;
			buildActionMask = 2147483647;
			files = (
			);
			inputPaths = (
				"${SRCROOT}/Pods/Target Support Files/Pods-YGCVideoToolboxTest/Pods-YGCVideoToolboxTest-frameworks.sh",
				"${BUILT_PRODUCTS_DIR}/YGCVideoToolbox/YGCVideoToolbox.framework",
			);
			name = "[CP] Embed Pods Frameworks";
			outputPaths = (
				"${TARGET_BUILD_DIR}/${FRAMEWORKS_FOLDER_PATH}/YGCVideoToolbox.framework",
			);
			runOnlyForDeploymentPostprocessing = 0;
			shellPath = /bin/sh;
			shellScript = "\"${SRCROOT}/Pods/Target Support Files/Pods-YGCVideoToolboxTest/Pods-YGCVideoToolboxTest-frameworks.sh\"\n";
			showEnvVarsInLog = 0;
		};
/* End PBXShellScriptBuildPhase section */

/* Begin PBXSourcesBuildPhase section */
		ADB35174203EC26F00F336E0 /* Sources */ = {
			isa = PBXSourcesBuildPhase;
			buildActionMask = 2147483647;
			files = (
				ADB3517E203EC26F00F336E0 /* ViewController.swift in Sources */,
				ADB3517C203EC26F00F336E0 /* AppDelegate.swift in Sources */,
			);
			runOnlyForDeploymentPostprocessing = 0;
		};
/* End PBXSourcesBuildPhase section */

/* Begin PBXVariantGroup section */
		ADB3517F203EC26F00F336E0 /* Main.storyboard */ = {
			isa = PBXVariantGroup;
			children = (
				ADB35180203EC26F00F336E0 /* Base */,
			);
			name = Main.storyboard;
			sourceTree = "<group>";
		};
		ADB35184203EC26F00F336E0 /* LaunchScreen.storyboard */ = {
			isa = PBXVariantGroup;
			children = (
				ADB35185203EC26F00F336E0 /* Base */,
			);
			name = LaunchScreen.storyboard;
			sourceTree = "<group>";
		};
/* End PBXVariantGroup section */

/* Begin XCBuildConfiguration section */
		ADB35188203EC26F00F336E0 /* Debug */ = {
			isa = XCBuildConfiguration;
			buildSettings = {
				ALWAYS_SEARCH_USER_PATHS = NO;
				CLANG_ANALYZER_NONNULL = YES;
				CLANG_ANALYZER_NUMBER_OBJECT_CONVERSION = YES_AGGRESSIVE;
				CLANG_CXX_LANGUAGE_STANDARD = "gnu++14";
				CLANG_CXX_LIBRARY = "libc++";
				CLANG_ENABLE_MODULES = YES;
				CLANG_ENABLE_OBJC_ARC = YES;
				CLANG_WARN_BLOCK_CAPTURE_AUTORELEASING = YES;
				CLANG_WARN_BOOL_CONVERSION = YES;
				CLANG_WARN_COMMA = YES;
				CLANG_WARN_CONSTANT_CONVERSION = YES;
				CLANG_WARN_DIRECT_OBJC_ISA_USAGE = YES_ERROR;
				CLANG_WARN_DOCUMENTATION_COMMENTS = YES;
				CLANG_WARN_EMPTY_BODY = YES;
				CLANG_WARN_ENUM_CONVERSION = YES;
				CLANG_WARN_INFINITE_RECURSION = YES;
				CLANG_WARN_INT_CONVERSION = YES;
				CLANG_WARN_NON_LITERAL_NULL_CONVERSION = YES;
				CLANG_WARN_OBJC_LITERAL_CONVERSION = YES;
				CLANG_WARN_OBJC_ROOT_CLASS = YES_ERROR;
				CLANG_WARN_RANGE_LOOP_ANALYSIS = YES;
				CLANG_WARN_STRICT_PROTOTYPES = YES;
				CLANG_WARN_SUSPICIOUS_MOVE = YES;
				CLANG_WARN_UNGUARDED_AVAILABILITY = YES_AGGRESSIVE;
				CLANG_WARN_UNREACHABLE_CODE = YES;
				CLANG_WARN__DUPLICATE_METHOD_MATCH = YES;
				CODE_SIGN_IDENTITY = "iPhone Developer";
				COPY_PHASE_STRIP = NO;
				DEBUG_INFORMATION_FORMAT = dwarf;
				ENABLE_STRICT_OBJC_MSGSEND = YES;
				ENABLE_TESTABILITY = YES;
				GCC_C_LANGUAGE_STANDARD = gnu11;
				GCC_DYNAMIC_NO_PIC = NO;
				GCC_NO_COMMON_BLOCKS = YES;
				GCC_OPTIMIZATION_LEVEL = 0;
				GCC_PREPROCESSOR_DEFINITIONS = (
					"DEBUG=1",
					"$(inherited)",
				);
				GCC_WARN_64_TO_32_BIT_CONVERSION = YES;
				GCC_WARN_ABOUT_RETURN_TYPE = YES_ERROR;
				GCC_WARN_UNDECLARED_SELECTOR = YES;
				GCC_WARN_UNINITIALIZED_AUTOS = YES_AGGRESSIVE;
				GCC_WARN_UNUSED_FUNCTION = YES;
				GCC_WARN_UNUSED_VARIABLE = YES;
				IPHONEOS_DEPLOYMENT_TARGET = 11.2;
				MTL_ENABLE_DEBUG_INFO = YES;
				ONLY_ACTIVE_ARCH = YES;
				SDKROOT = iphoneos;
				SWIFT_ACTIVE_COMPILATION_CONDITIONS = DEBUG;
				SWIFT_OPTIMIZATION_LEVEL = "-Onone";
			};
			name = Debug;
		};
		ADB35189203EC26F00F336E0 /* Release */ = {
			isa = XCBuildConfiguration;
			buildSettings = {
				ALWAYS_SEARCH_USER_PATHS = NO;
				CLANG_ANALYZER_NONNULL = YES;
				CLANG_ANALYZER_NUMBER_OBJECT_CONVERSION = YES_AGGRESSIVE;
				CLANG_CXX_LANGUAGE_STANDARD = "gnu++14";
				CLANG_CXX_LIBRARY = "libc++";
				CLANG_ENABLE_MODULES = YES;
				CLANG_ENABLE_OBJC_ARC = YES;
				CLANG_WARN_BLOCK_CAPTURE_AUTORELEASING = YES;
				CLANG_WARN_BOOL_CONVERSION = YES;
				CLANG_WARN_COMMA = YES;
				CLANG_WARN_CONSTANT_CONVERSION = YES;
				CLANG_WARN_DIRECT_OBJC_ISA_USAGE = YES_ERROR;
				CLANG_WARN_DOCUMENTATION_COMMENTS = YES;
				CLANG_WARN_EMPTY_BODY = YES;
				CLANG_WARN_ENUM_CONVERSION = YES;
				CLANG_WARN_INFINITE_RECURSION = YES;
				CLANG_WARN_INT_CONVERSION = YES;
				CLANG_WARN_NON_LITERAL_NULL_CONVERSION = YES;
				CLANG_WARN_OBJC_LITERAL_CONVERSION = YES;
				CLANG_WARN_OBJC_ROOT_CLASS = YES_ERROR;
				CLANG_WARN_RANGE_LOOP_ANALYSIS = YES;
				CLANG_WARN_STRICT_PROTOTYPES = YES;
				CLANG_WARN_SUSPICIOUS_MOVE = YES;
				CLANG_WARN_UNGUARDED_AVAILABILITY = YES_AGGRESSIVE;
				CLANG_WARN_UNREACHABLE_CODE = YES;
				CLANG_WARN__DUPLICATE_METHOD_MATCH = YES;
				CODE_SIGN_IDENTITY = "iPhone Developer";
				COPY_PHASE_STRIP = NO;
				DEBUG_INFORMATION_FORMAT = "dwarf-with-dsym";
				ENABLE_NS_ASSERTIONS = NO;
				ENABLE_STRICT_OBJC_MSGSEND = YES;
				GCC_C_LANGUAGE_STANDARD = gnu11;
				GCC_NO_COMMON_BLOCKS = YES;
				GCC_WARN_64_TO_32_BIT_CONVERSION = YES;
				GCC_WARN_ABOUT_RETURN_TYPE = YES_ERROR;
				GCC_WARN_UNDECLARED_SELECTOR = YES;
				GCC_WARN_UNINITIALIZED_AUTOS = YES_AGGRESSIVE;
				GCC_WARN_UNUSED_FUNCTION = YES;
				GCC_WARN_UNUSED_VARIABLE = YES;
				IPHONEOS_DEPLOYMENT_TARGET = 11.2;
				MTL_ENABLE_DEBUG_INFO = NO;
				SDKROOT = iphoneos;
				SWIFT_OPTIMIZATION_LEVEL = "-Owholemodule";
				VALIDATE_PRODUCT = YES;
			};
			name = Release;
		};
		ADB3518B203EC26F00F336E0 /* Debug */ = {
			isa = XCBuildConfiguration;
			baseConfigurationReference = B465F41305F42D23E05E2A9F /* Pods-YGCVideoToolboxTest.debug.xcconfig */;
			buildSettings = {
				ASSETCATALOG_COMPILER_APPICON_NAME = AppIcon;
				CODE_SIGN_STYLE = Manual;
				DEVELOPMENT_TEAM = JX333254R3;
				INFOPLIST_FILE = YGCVideoToolboxTest/Info.plist;
				IPHONEOS_DEPLOYMENT_TARGET = 11.0;
				LD_RUNPATH_SEARCH_PATHS = "$(inherited) @executable_path/Frameworks";
				PRODUCT_BUNDLE_IDENTIFIER = com.fclassroom.classmate;
				PRODUCT_NAME = "$(TARGET_NAME)";
				PROVISIONING_PROFILE = "8e62330e-6d20-4330-a145-5f7802741c4e";
				PROVISIONING_PROFILE_SPECIFIER = "match Development com.fclassroom.classmate";
				SWIFT_VERSION = 4.0;
				TARGETED_DEVICE_FAMILY = "1,2";
			};
			name = Debug;
		};
		ADB3518C203EC26F00F336E0 /* Release */ = {
			isa = XCBuildConfiguration;
			baseConfigurationReference = 43CACD96CD8BE4A59DFC18E2 /* Pods-YGCVideoToolboxTest.release.xcconfig */;
			buildSettings = {
				ASSETCATALOG_COMPILER_APPICON_NAME = AppIcon;
				CODE_SIGN_STYLE = Manual;
				DEVELOPMENT_TEAM = "";
				INFOPLIST_FILE = YGCVideoToolboxTest/Info.plist;
				IPHONEOS_DEPLOYMENT_TARGET = 11.0;
				LD_RUNPATH_SEARCH_PATHS = "$(inherited) @executable_path/Frameworks";
				PRODUCT_BUNDLE_IDENTIFIER = com.fclassroom.classmate;
				PRODUCT_NAME = "$(TARGET_NAME)";
				PROVISIONING_PROFILE_SPECIFIER = "";
				SWIFT_VERSION = 4.0;
				TARGETED_DEVICE_FAMILY = "1,2";
			};
			name = Release;
		};
/* End XCBuildConfiguration section */

/* Begin XCConfigurationList section */
		ADB35173203EC26F00F336E0 /* Build configuration list for PBXProject "YGCVideoToolboxTest" */ = {
			isa = XCConfigurationList;
			buildConfigurations = (
				ADB35188203EC26F00F336E0 /* Debug */,
				ADB35189203EC26F00F336E0 /* Release */,
			);
			defaultConfigurationIsVisible = 0;
			defaultConfigurationName = Release;
		};
		ADB3518A203EC26F00F336E0 /* Build configuration list for PBXNativeTarget "YGCVideoToolboxTest" */ = {
			isa = XCConfigurationList;
			buildConfigurations = (
				ADB3518B203EC26F00F336E0 /* Debug */,
				ADB3518C203EC26F00F336E0 /* Release */,
			);
			defaultConfigurationIsVisible = 0;
			defaultConfigurationName = Release;
		};
/* End XCConfigurationList section */
	};
	rootObject = ADB35170203EC26F00F336E0 /* Project object */;
}
