// !$*UTF8*$!
{
	archiveVersion = 1;
	classes = {
	};
	objectVersion = 50;
	objects = {

/* Begin PBXBuildFile section */
		18F79F1B210C1FAA0024F0F8 /* AppDelegate.m in Sources */ = {isa = PBXBuildFile; fileRef = 18F79F1A210C1FAA0024F0F8 /* AppDelegate.m */; };
		18F79F1E210C1FAA0024F0F8 /* ViewController.m in Sources */ = {isa = PBXBuildFile; fileRef = 18F79F1D210C1FAA0024F0F8 /* ViewController.m */; };
		18F79F21210C1FAA0024F0F8 /* Main.storyboard in Resources */ = {isa = PBXBuildFile; fileRef = 18F79F1F210C1FAA0024F0F8 /* Main.storyboard */; };
		18F79F23210C1FAC0024F0F8 /* Assets.xcassets in Resources */ = {isa = PBXBuildFile; fileRef = 18F79F22210C1FAC0024F0F8 /* Assets.xcassets */; };
		18F79F26210C1FAC0024F0F8 /* LaunchScreen.storyboard in Resources */ = {isa = PBXBuildFile; fileRef = 18F79F24210C1FAC0024F0F8 /* LaunchScreen.storyboard */; };
		18F79F29210C1FAC0024F0F8 /* main.m in Sources */ = {isa = PBXBuildFile; fileRef = 18F79F28210C1FAC0024F0F8 /* main.m */; };
		18F79F33210C1FAC0024F0F8 /* PullDownMenuTests.m in Sources */ = {isa = PBXBuildFile; fileRef = 18F79F32210C1FAC0024F0F8 /* PullDownMenuTests.m */; };
		18F79F3E210C1FAC0024F0F8 /* PullDownMenuUITests.m in Sources */ = {isa = PBXBuildFile; fileRef = 18F79F3D210C1FAC0024F0F8 /* PullDownMenuUITests.m */; };
		18F79F65210C26800024F0F8 /* NSLayoutConstraint+MASDebugAdditions.m in Sources */ = {isa = PBXBuildFile; fileRef = 18F79F4D210C267F0024F0F8 /* NSLayoutConstraint+MASDebugAdditions.m */; };
		18F79F66210C26800024F0F8 /* ViewController+MASAdditions.m in Sources */ = {isa = PBXBuildFile; fileRef = 18F79F56210C267F0024F0F8 /* ViewController+MASAdditions.m */; };
		18F79F67210C26800024F0F8 /* MASCompositeConstraint.m in Sources */ = {isa = PBXBuildFile; fileRef = 18F79F5A210C267F0024F0F8 /* MASCompositeConstraint.m */; };
		18F79F68210C26800024F0F8 /* MASConstraintMaker.m in Sources */ = {isa = PBXBuildFile; fileRef = 18F79F5B210C267F0024F0F8 /* MASConstraintMaker.m */; };
		18F79F69210C26800024F0F8 /* MASLayoutConstraint.m in Sources */ = {isa = PBXBuildFile; fileRef = 18F79F5C210C267F0024F0F8 /* MASLayoutConstraint.m */; };
		18F79F6A210C26800024F0F8 /* NSArray+MASAdditions.m in Sources */ = {isa = PBXBuildFile; fileRef = 18F79F5D210C267F0024F0F8 /* NSArray+MASAdditions.m */; };
		18F79F6B210C26800024F0F8 /* View+MASAdditions.m in Sources */ = {isa = PBXBuildFile; fileRef = 18F79F5E210C267F0024F0F8 /* View+MASAdditions.m */; };
		18F79F6C210C26800024F0F8 /* MASConstraint.m in Sources */ = {isa = PBXBuildFile; fileRef = 18F79F61210C267F0024F0F8 /* MASConstraint.m */; };
		18F79F6D210C26800024F0F8 /* MASViewConstraint.m in Sources */ = {isa = PBXBuildFile; fileRef = 18F79F63210C267F0024F0F8 /* MASViewConstraint.m */; };
		18F79F6E210C26800024F0F8 /* MASViewAttribute.m in Sources */ = {isa = PBXBuildFile; fileRef = 18F79F64210C267F0024F0F8 /* MASViewAttribute.m */; };
/* End PBXBuildFile section */

/* Begin PBXContainerItemProxy section */
		18F79F2F210C1FAC0024F0F8 /* PBXContainerItemProxy */ = {
			isa = PBXContainerItemProxy;
			containerPortal = 18F79F0E210C1FAA0024F0F8 /* Project object */;
			proxyType = 1;
			remoteGlobalIDString = 18F79F15210C1FAA0024F0F8;
			remoteInfo = PullDownMenu;
		};
		18F79F3A210C1FAC0024F0F8 /* PBXContainerItemProxy */ = {
			isa = PBXContainerItemProxy;
			containerPortal = 18F79F0E210C1FAA0024F0F8 /* Project object */;
			proxyType = 1;
			remoteGlobalIDString = 18F79F15210C1FAA0024F0F8;
			remoteInfo = PullDownMenu;
		};
/* End PBXContainerItemProxy section */

/* Begin PBXFileReference section */
		18F79F16210C1FAA0024F0F8 /* PullDownMenu.app */ = {isa = PBXFileReference; explicitFileType = wrapper.application; includeInIndex = 0; path = PullDownMenu.app; sourceTree = BUILT_PRODUCTS_DIR; };
		18F79F19210C1FAA0024F0F8 /* AppDelegate.h */ = {isa = PBXFileReference; lastKnownFileType = sourcecode.c.h; path = AppDelegate.h; sourceTree = "<group>"; };
		18F79F1A210C1FAA0024F0F8 /* AppDelegate.m */ = {isa = PBXFileReference; lastKnownFileType = sourcecode.c.objc; path = AppDelegate.m; sourceTree = "<group>"; };
		18F79F1C210C1FAA0024F0F8 /* ViewController.h */ = {isa = PBXFileReference; lastKnownFileType = sourcecode.c.h; path = ViewController.h; sourceTree = "<group>"; };
		18F79F1D210C1FAA0024F0F8 /* ViewController.m */ = {isa = PBXFileReference; lastKnownFileType = sourcecode.c.objc; path = ViewController.m; sourceTree = "<group>"; };
		18F79F20210C1FAA0024F0F8 /* Base */ = {isa = PBXFileReference; lastKnownFileType = file.storyboard; name = Base; path = Base.lproj/Main.storyboard; sourceTree = "<group>"; };
		18F79F22210C1FAC0024F0F8 /* Assets.xcassets */ = {isa = PBXFileReference; lastKnownFileType = folder.assetcatalog; path = Assets.xcassets; sourceTree = "<group>"; };
		18F79F25210C1FAC0024F0F8 /* Base */ = {isa = PBXFileReference; lastKnownFileType = file.storyboard; name = Base; path = Base.lproj/LaunchScreen.storyboard; sourceTree = "<group>"; };
		18F79F27210C1FAC0024F0F8 /* Info.plist */ = {isa = PBXFileReference; lastKnownFileType = text.plist.xml; path = Info.plist; sourceTree = "<group>"; };
		18F79F28210C1FAC0024F0F8 /* main.m */ = {isa = PBXFileReference; lastKnownFileType = sourcecode.c.objc; path = main.m; sourceTree = "<group>"; };
		18F79F2E210C1FAC0024F0F8 /* PullDownMenuTests.xctest */ = {isa = PBXFileReference; explicitFileType = wrapper.cfbundle; includeInIndex = 0; path = PullDownMenuTests.xctest; sourceTree = BUILT_PRODUCTS_DIR; };
		18F79F32210C1FAC0024F0F8 /* PullDownMenuTests.m */ = {isa = PBXFileReference; lastKnownFileType = sourcecode.c.objc; path = PullDownMenuTests.m; sourceTree = "<group>"; };
		18F79F34210C1FAC0024F0F8 /* Info.plist */ = {isa = PBXFileReference; lastKnownFileType = text.plist.xml; path = Info.plist; sourceTree = "<group>"; };
		18F79F39210C1FAC0024F0F8 /* PullDownMenuUITests.xctest */ = {isa = PBXFileReference; explicitFileType = wrapper.cfbundle; includeInIndex = 0; path = PullDownMenuUITests.xctest; sourceTree = BUILT_PRODUCTS_DIR; };
		18F79F3D210C1FAC0024F0F8 /* PullDownMenuUITests.m */ = {isa = PBXFileReference; lastKnownFileType = sourcecode.c.objc; path = PullDownMenuUITests.m; sourceTree = "<group>"; };
		18F79F3F210C1FAC0024F0F8 /* Info.plist */ = {isa = PBXFileReference; lastKnownFileType = text.plist.xml; path = Info.plist; sourceTree = "<group>"; };
		18F79F4C210C267F0024F0F8 /* MASCompositeConstraint.h */ = {isa = PBXFileReference; fileEncoding = 4; lastKnownFileType = sourcecode.c.h; path = MASCompositeConstraint.h; sourceTree = "<group>"; };
		18F79F4D210C267F0024F0F8 /* NSLayoutConstraint+MASDebugAdditions.m */ = {isa = PBXFileReference; fileEncoding = 4; lastKnownFileType = sourcecode.c.objc; path = "NSLayoutConstraint+MASDebugAdditions.m"; sourceTree = "<group>"; };
		18F79F4E210C267F0024F0F8 /* MASConstraint+Private.h */ = {isa = PBXFileReference; fileEncoding = 4; lastKnownFileType = sourcecode.c.h; path = "MASConstraint+Private.h"; sourceTree = "<group>"; };
		18F79F4F210C267F0024F0F8 /* MASLayoutConstraint.h */ = {isa = PBXFileReference; fileEncoding = 4; lastKnownFileType = sourcecode.c.h; path = MASLayoutConstraint.h; sourceTree = "<group>"; };
		18F79F50210C267F0024F0F8 /* NSArray+MASShorthandAdditions.h */ = {isa = PBXFileReference; fileEncoding = 4; lastKnownFileType = sourcecode.c.h; path = "NSArray+MASShorthandAdditions.h"; sourceTree = "<group>"; };
		18F79F51210C267F0024F0F8 /* MASConstraintMaker.h */ = {isa = PBXFileReference; fileEncoding = 4; lastKnownFileType = sourcecode.c.h; path = MASConstraintMaker.h; sourceTree = "<group>"; };
		18F79F52210C267F0024F0F8 /* View+MASAdditions.h */ = {isa = PBXFileReference; fileEncoding = 4; lastKnownFileType = sourcecode.c.h; path = "View+MASAdditions.h"; sourceTree = "<group>"; };
		18F79F53210C267F0024F0F8 /* NSArray+MASAdditions.h */ = {isa = PBXFileReference; fileEncoding = 4; lastKnownFileType = sourcecode.c.h; path = "NSArray+MASAdditions.h"; sourceTree = "<group>"; };
		18F79F54210C267F0024F0F8 /* MASUtilities.h */ = {isa = PBXFileReference; fileEncoding = 4; lastKnownFileType = sourcecode.c.h; path = MASUtilities.h; sourceTree = "<group>"; };
		18F79F55210C267F0024F0F8 /* MASViewAttribute.h */ = {isa = PBXFileReference; fileEncoding = 4; lastKnownFileType = sourcecode.c.h; path = MASViewAttribute.h; sourceTree = "<group>"; };
		18F79F56210C267F0024F0F8 /* ViewController+MASAdditions.m */ = {isa = PBXFileReference; fileEncoding = 4; lastKnownFileType = sourcecode.c.objc; path = "ViewController+MASAdditions.m"; sourceTree = "<group>"; };
		18F79F57210C267F0024F0F8 /* MASViewConstraint.h */ = {isa = PBXFileReference; fileEncoding = 4; lastKnownFileType = sourcecode.c.h; path = MASViewConstraint.h; sourceTree = "<group>"; };
		18F79F58210C267F0024F0F8 /* MASConstraint.h */ = {isa = PBXFileReference; fileEncoding = 4; lastKnownFileType = sourcecode.c.h; path = MASConstraint.h; sourceTree = "<group>"; };
		18F79F59210C267F0024F0F8 /* NSLayoutConstraint+MASDebugAdditions.h */ = {isa = PBXFileReference; fileEncoding = 4; lastKnownFileType = sourcecode.c.h; path = "NSLayoutConstraint+MASDebugAdditions.h"; sourceTree = "<group>"; };
		18F79F5A210C267F0024F0F8 /* MASCompositeConstraint.m */ = {isa = PBXFileReference; fileEncoding = 4; lastKnownFileType = sourcecode.c.objc; path = MASCompositeConstraint.m; sourceTree = "<group>"; };
		18F79F5B210C267F0024F0F8 /* MASConstraintMaker.m */ = {isa = PBXFileReference; fileEncoding = 4; lastKnownFileType = sourcecode.c.objc; path = MASConstraintMaker.m; sourceTree = "<group>"; };
		18F79F5C210C267F0024F0F8 /* MASLayoutConstraint.m */ = {isa = PBXFileReference; fileEncoding = 4; lastKnownFileType = sourcecode.c.objc; path = MASLayoutConstraint.m; sourceTree = "<group>"; };
		18F79F5D210C267F0024F0F8 /* NSArray+MASAdditions.m */ = {isa = PBXFileReference; fileEncoding = 4; lastKnownFileType = sourcecode.c.objc; path = "NSArray+MASAdditions.m"; sourceTree = "<group>"; };
		18F79F5E210C267F0024F0F8 /* View+MASAdditions.m */ = {isa = PBXFileReference; fileEncoding = 4; lastKnownFileType = sourcecode.c.objc; path = "View+MASAdditions.m"; sourceTree = "<group>"; };
		18F79F5F210C267F0024F0F8 /* View+MASShorthandAdditions.h */ = {isa = PBXFileReference; fileEncoding = 4; lastKnownFileType = sourcecode.c.h; path = "View+MASShorthandAdditions.h"; sourceTree = "<group>"; };
		18F79F60210C267F0024F0F8 /* Masonry.h */ = {isa = PBXFileReference; fileEncoding = 4; lastKnownFileType = sourcecode.c.h; path = Masonry.h; sourceTree = "<group>"; };
		18F79F61210C267F0024F0F8 /* MASConstraint.m */ = {isa = PBXFileReference; fileEncoding = 4; lastKnownFileType = sourcecode.c.objc; path = MASConstraint.m; sourceTree = "<group>"; };
		18F79F62210C267F0024F0F8 /* ViewController+MASAdditions.h */ = {isa = PBXFileReference; fileEncoding = 4; lastKnownFileType = sourcecode.c.h; path = "ViewController+MASAdditions.h"; sourceTree = "<group>"; };
		18F79F63210C267F0024F0F8 /* MASViewConstraint.m */ = {isa = PBXFileReference; fileEncoding = 4; lastKnownFileType = sourcecode.c.objc; path = MASViewConstraint.m; sourceTree = "<group>"; };
		18F79F64210C267F0024F0F8 /* MASViewAttribute.m */ = {isa = PBXFileReference; fileEncoding = 4; lastKnownFileType = sourcecode.c.objc; path = MASViewAttribute.m; sourceTree = "<group>"; };
/* End PBXFileReference section */

/* Begin PBXFrameworksBuildPhase section */
		18F79F13210C1FAA0024F0F8 /* Frameworks */ = {
			isa = PBXFrameworksBuildPhase;
			buildActionMask = 2147483647;
			files = (
			);
			runOnlyForDeploymentPostprocessing = 0;
		};
		18F79F2B210C1FAC0024F0F8 /* Frameworks */ = {
			isa = PBXFrameworksBuildPhase;
			buildActionMask = 2147483647;
			files = (
			);
			runOnlyForDeploymentPostprocessing = 0;
		};
		18F79F36210C1FAC0024F0F8 /* Frameworks */ = {
			isa = PBXFrameworksBuildPhase;
			buildActionMask = 2147483647;
			files = (
			);
			runOnlyForDeploymentPostprocessing = 0;
		};
/* End PBXFrameworksBuildPhase section */

/* Begin PBXGroup section */
		18F79F0D210C1FAA0024F0F8 = {
			isa = PBXGroup;
			children = (
				18F79F18210C1FAA0024F0F8 /* PullDownMenu */,
				18F79F31210C1FAC0024F0F8 /* PullDownMenuTests */,
				18F79F3C210C1FAC0024F0F8 /* PullDownMenuUITests */,
				18F79F17210C1FAA0024F0F8 /* Products */,
			);
			sourceTree = "<group>";
		};
		18F79F17210C1FAA0024F0F8 /* Products */ = {
			isa = PBXGroup;
			children = (
				18F79F16210C1FAA0024F0F8 /* PullDownMenu.app */,
				18F79F2E210C1FAC0024F0F8 /* PullDownMenuTests.xctest */,
				18F79F39210C1FAC0024F0F8 /* PullDownMenuUITests.xctest */,
			);
			name = Products;
			sourceTree = "<group>";
		};
		18F79F18210C1FAA0024F0F8 /* PullDownMenu */ = {
			isa = PBXGroup;
			children = (
				18F79F4B210C267F0024F0F8 /* Masonry */,
				18F79F19210C1FAA0024F0F8 /* AppDelegate.h */,
				18F79F1A210C1FAA0024F0F8 /* AppDelegate.m */,
				18F79F1C210C1FAA0024F0F8 /* ViewController.h */,
				18F79F1D210C1FAA0024F0F8 /* ViewController.m */,
				18F79F1F210C1FAA0024F0F8 /* Main.storyboard */,
				18F79F22210C1FAC0024F0F8 /* Assets.xcassets */,
				18F79F24210C1FAC0024F0F8 /* LaunchScreen.storyboard */,
				18F79F27210C1FAC0024F0F8 /* Info.plist */,
				18F79F28210C1FAC0024F0F8 /* main.m */,
			);
			path = PullDownMenu;
			sourceTree = "<group>";
		};
		18F79F31210C1FAC0024F0F8 /* PullDownMenuTests */ = {
			isa = PBXGroup;
			children = (
				18F79F32210C1FAC0024F0F8 /* PullDownMenuTests.m */,
				18F79F34210C1FAC0024F0F8 /* Info.plist */,
			);
			path = PullDownMenuTests;
			sourceTree = "<group>";
		};
		18F79F3C210C1FAC0024F0F8 /* PullDownMenuUITests */ = {
			isa = PBXGroup;
			children = (
				18F79F3D210C1FAC0024F0F8 /* PullDownMenuUITests.m */,
				18F79F3F210C1FAC0024F0F8 /* Info.plist */,
			);
			path = PullDownMenuUITests;
			sourceTree = "<group>";
		};
		18F79F4B210C267F0024F0F8 /* Masonry */ = {
			isa = PBXGroup;
			children = (
				18F79F4C210C267F0024F0F8 /* MASCompositeConstraint.h */,
				18F79F4D210C267F0024F0F8 /* NSLayoutConstraint+MASDebugAdditions.m */,
				18F79F4E210C267F0024F0F8 /* MASConstraint+Private.h */,
				18F79F4F210C267F0024F0F8 /* MASLayoutConstraint.h */,
				18F79F50210C267F0024F0F8 /* NSArray+MASShorthandAdditions.h */,
				18F79F51210C267F0024F0F8 /* MASConstraintMaker.h */,
				18F79F52210C267F0024F0F8 /* View+MASAdditions.h */,
				18F79F53210C267F0024F0F8 /* NSArray+MASAdditions.h */,
				18F79F54210C267F0024F0F8 /* MASUtilities.h */,
				18F79F55210C267F0024F0F8 /* MASViewAttribute.h */,
				18F79F56210C267F0024F0F8 /* ViewController+MASAdditions.m */,
				18F79F57210C267F0024F0F8 /* MASViewConstraint.h */,
				18F79F58210C267F0024F0F8 /* MASConstraint.h */,
				18F79F59210C267F0024F0F8 /* NSLayoutConstraint+MASDebugAdditions.h */,
				18F79F5A210C267F0024F0F8 /* MASCompositeConstraint.m */,
				18F79F5B210C267F0024F0F8 /* MASConstraintMaker.m */,
				18F79F5C210C267F0024F0F8 /* MASLayoutConstraint.m */,
				18F79F5D210C267F0024F0F8 /* NSArray+MASAdditions.m */,
				18F79F5E210C267F0024F0F8 /* View+MASAdditions.m */,
				18F79F5F210C267F0024F0F8 /* View+MASShorthandAdditions.h */,
				18F79F60210C267F0024F0F8 /* Masonry.h */,
				18F79F61210C267F0024F0F8 /* MASConstraint.m */,
				18F79F62210C267F0024F0F8 /* ViewController+MASAdditions.h */,
				18F79F63210C267F0024F0F8 /* MASViewConstraint.m */,
				18F79F64210C267F0024F0F8 /* MASViewAttribute.m */,
			);
			path = Masonry;
			sourceTree = "<group>";
		};
/* End PBXGroup section */

/* Begin PBXNativeTarget section */
		18F79F15210C1FAA0024F0F8 /* PullDownMenu */ = {
			isa = PBXNativeTarget;
			buildConfigurationList = 18F79F42210C1FAC0024F0F8 /* Build configuration list for PBXNativeTarget "PullDownMenu" */;
			buildPhases = (
				18F79F12210C1FAA0024F0F8 /* Sources */,
				18F79F13210C1FAA0024F0F8 /* Frameworks */,
				18F79F14210C1FAA0024F0F8 /* Resources */,
			);
			buildRules = (
			);
			dependencies = (
			);
			name = PullDownMenu;
			productName = PullDownMenu;
			productReference = 18F79F16210C1FAA0024F0F8 /* PullDownMenu.app */;
			productType = "com.apple.product-type.application";
		};
		18F79F2D210C1FAC0024F0F8 /* PullDownMenuTests */ = {
			isa = PBXNativeTarget;
			buildConfigurationList = 18F79F45210C1FAC0024F0F8 /* Build configuration list for PBXNativeTarget "PullDownMenuTests" */;
			buildPhases = (
				18F79F2A210C1FAC0024F0F8 /* Sources */,
				18F79F2B210C1FAC0024F0F8 /* Frameworks */,
				18F79F2C210C1FAC0024F0F8 /* Resources */,
			);
			buildRules = (
			);
			dependencies = (
				18F79F30210C1FAC0024F0F8 /* PBXTargetDependency */,
			);
			name = PullDownMenuTests;
			productName = PullDownMenuTests;
			productReference = 18F79F2E210C1FAC0024F0F8 /* PullDownMenuTests.xctest */;
			productType = "com.apple.product-type.bundle.unit-test";
		};
		18F79F38210C1FAC0024F0F8 /* PullDownMenuUITests */ = {
			isa = PBXNativeTarget;
			buildConfigurationList = 18F79F48210C1FAC0024F0F8 /* Build configuration list for PBXNativeTarget "PullDownMenuUITests" */;
			buildPhases = (
				18F79F35210C1FAC0024F0F8 /* Sources */,
				18F79F36210C1FAC0024F0F8 /* Frameworks */,
				18F79F37210C1FAC0024F0F8 /* Resources */,
			);
			buildRules = (
			);
			dependencies = (
				18F79F3B210C1FAC0024F0F8 /* PBXTargetDependency */,
			);
			name = PullDownMenuUITests;
			productName = PullDownMenuUITests;
			productReference = 18F79F39210C1FAC0024F0F8 /* PullDownMenuUITests.xctest */;
			productType = "com.apple.product-type.bundle.ui-testing";
		};
/* End PBXNativeTarget section */

/* Begin PBXProject section */
		18F79F0E210C1FAA0024F0F8 /* Project object */ = {
			isa = PBXProject;
			attributes = {
				LastUpgradeCheck = 0940;
				ORGANIZATIONNAME = haoran;
				TargetAttributes = {
					18F79F15210C1FAA0024F0F8 = {
						CreatedOnToolsVersion = 9.4.1;
					};
					18F79F2D210C1FAC0024F0F8 = {
						CreatedOnToolsVersion = 9.4.1;
						TestTargetID = 18F79F15210C1FAA0024F0F8;
					};
					18F79F38210C1FAC0024F0F8 = {
						CreatedOnToolsVersion = 9.4.1;
						TestTargetID = 18F79F15210C1FAA0024F0F8;
					};
				};
			};
			buildConfigurationList = 18F79F11210C1FAA0024F0F8 /* Build configuration list for PBXProject "PullDownMenu" */;
			compatibilityVersion = "Xcode 9.3";
			developmentRegion = en;
			hasScannedForEncodings = 0;
			knownRegions = (
				en,
				Base,
			);
			mainGroup = 18F79F0D210C1FAA0024F0F8;
			productRefGroup = 18F79F17210C1FAA0024F0F8 /* Products */;
			projectDirPath = "";
			projectRoot = "";
			targets = (
				18F79F15210C1FAA0024F0F8 /* PullDownMenu */,
				18F79F2D210C1FAC0024F0F8 /* PullDownMenuTests */,
				18F79F38210C1FAC0024F0F8 /* PullDownMenuUITests */,
			);
		};
/* End PBXProject section */

/* Begin PBXResourcesBuildPhase section */
		18F79F14210C1FAA0024F0F8 /* Resources */ = {
			isa = PBXResourcesBuildPhase;
			buildActionMask = 2147483647;
			files = (
				18F79F26210C1FAC0024F0F8 /* LaunchScreen.storyboard in Resources */,
				18F79F23210C1FAC0024F0F8 /* Assets.xcassets in Resources */,
				18F79F21210C1FAA0024F0F8 /* Main.storyboard in Resources */,
			);
			runOnlyForDeploymentPostprocessing = 0;
		};
		18F79F2C210C1FAC0024F0F8 /* Resources */ = {
			isa = PBXResourcesBuildPhase;
			buildActionMask = 2147483647;
			files = (
			);
			runOnlyForDeploymentPostprocessing = 0;
		};
		18F79F37210C1FAC0024F0F8 /* Resources */ = {
			isa = PBXResourcesBuildPhase;
			buildActionMask = 2147483647;
			files = (
			);
			runOnlyForDeploymentPostprocessing = 0;
		};
/* End PBXResourcesBuildPhase section */

/* Begin PBXSourcesBuildPhase section */
		18F79F12210C1FAA0024F0F8 /* Sources */ = {
			isa = PBXSourcesBuildPhase;
			buildActionMask = 2147483647;
			files = (
				18F79F68210C26800024F0F8 /* MASConstraintMaker.m in Sources */,
				18F79F1E210C1FAA0024F0F8 /* ViewController.m in Sources */,
				18F79F66210C26800024F0F8 /* ViewController+MASAdditions.m in Sources */,
				18F79F6D210C26800024F0F8 /* MASViewConstraint.m in Sources */,
				18F79F29210C1FAC0024F0F8 /* main.m in Sources */,
				18F79F69210C26800024F0F8 /* MASLayoutConstraint.m in Sources */,
				18F79F6C210C26800024F0F8 /* MASConstraint.m in Sources */,
				18F79F6A210C26800024F0F8 /* NSArray+MASAdditions.m in Sources */,
				18F79F1B210C1FAA0024F0F8 /* AppDelegate.m in Sources */,
				18F79F67210C26800024F0F8 /* MASCompositeConstraint.m in Sources */,
				18F79F6B210C26800024F0F8 /* View+MASAdditions.m in Sources */,
				18F79F65210C26800024F0F8 /* NSLayoutConstraint+MASDebugAdditions.m in Sources */,
				18F79F6E210C26800024F0F8 /* MASViewAttribute.m in Sources */,
			);
			runOnlyForDeploymentPostprocessing = 0;
		};
		18F79F2A210C1FAC0024F0F8 /* Sources */ = {
			isa = PBXSourcesBuildPhase;
			buildActionMask = 2147483647;
			files = (
				18F79F33210C1FAC0024F0F8 /* PullDownMenuTests.m in Sources */,
			);
			runOnlyForDeploymentPostprocessing = 0;
		};
		18F79F35210C1FAC0024F0F8 /* Sources */ = {
			isa = PBXSourcesBuildPhase;
			buildActionMask = 2147483647;
			files = (
				18F79F3E210C1FAC0024F0F8 /* PullDownMenuUITests.m in Sources */,
			);
			runOnlyForDeploymentPostprocessing = 0;
		};
/* End PBXSourcesBuildPhase section */

/* Begin PBXTargetDependency section */
		18F79F30210C1FAC0024F0F8 /* PBXTargetDependency */ = {
			isa = PBXTargetDependency;
			target = 18F79F15210C1FAA0024F0F8 /* PullDownMenu */;
			targetProxy = 18F79F2F210C1FAC0024F0F8 /* PBXContainerItemProxy */;
		};
		18F79F3B210C1FAC0024F0F8 /* PBXTargetDependency */ = {
			isa = PBXTargetDependency;
			target = 18F79F15210C1FAA0024F0F8 /* PullDownMenu */;
			targetProxy = 18F79F3A210C1FAC0024F0F8 /* PBXContainerItemProxy */;
		};
/* End PBXTargetDependency section */

/* Begin PBXVariantGroup section */
		18F79F1F210C1FAA0024F0F8 /* Main.storyboard */ = {
			isa = PBXVariantGroup;
			children = (
				18F79F20210C1FAA0024F0F8 /* Base */,
			);
			name = Main.storyboard;
			sourceTree = "<group>";
		};
		18F79F24210C1FAC0024F0F8 /* LaunchScreen.storyboard */ = {
			isa = PBXVariantGroup;
			children = (
				18F79F25210C1FAC0024F0F8 /* Base */,
			);
			name = LaunchScreen.storyboard;
			sourceTree = "<group>";
		};
/* End PBXVariantGroup section */

/* Begin XCBuildConfiguration section */
		18F79F40210C1FAC0024F0F8 /* Debug */ = {
			isa = XCBuildConfiguration;
			buildSettings = {
				ALWAYS_SEARCH_USER_PATHS = NO;
				CLANG_ANALYZER_NONNULL = YES;
				CLANG_ANALYZER_NUMBER_OBJECT_CONVERSION = YES_AGGRESSIVE;
				CLANG_CXX_LANGUAGE_STANDARD = "gnu++14";
				CLANG_CXX_LIBRARY = "libc++";
				CLANG_ENABLE_MODULES = YES;
				CLANG_ENABLE_OBJC_ARC = YES;
				CLANG_ENABLE_OBJC_WEAK = YES;
				CLANG_WARN_BLOCK_CAPTURE_AUTORELEASING = YES;
				CLANG_WARN_BOOL_CONVERSION = YES;
				CLANG_WARN_COMMA = YES;
				CLANG_WARN_CONSTANT_CONVERSION = YES;
				CLANG_WARN_DEPRECATED_OBJC_IMPLEMENTATIONS = YES;
				CLANG_WARN_DIRECT_OBJC_ISA_USAGE = YES_ERROR;
				CLANG_WARN_DOCUMENTATION_COMMENTS = YES;
				CLANG_WARN_EMPTY_BODY = YES;
				CLANG_WARN_ENUM_CONVERSION = YES;
				CLANG_WARN_INFINITE_RECURSION = YES;
				CLANG_WARN_INT_CONVERSION = YES;
				CLANG_WARN_NON_LITERAL_NULL_CONVERSION = YES;
				CLANG_WARN_OBJC_IMPLICIT_RETAIN_SELF = YES;
				CLANG_WARN_OBJC_LITERAL_CONVERSION = YES;
				CLANG_WARN_OBJC_ROOT_CLASS = YES_ERROR;
				CLANG_WARN_RANGE_LOOP_ANALYSIS = YES;
				CLANG_WARN_STRICT_PROTOTYPES = YES;
				CLANG_WARN_SUSPICIOUS_MOVE = YES;
				CLANG_WARN_UNGUARDED_AVAILABILITY = YES_AGGRESSIVE;
				CLANG_WARN_UNREACHABLE_CODE = YES;
				CLANG_WARN__DUPLICATE_METHOD_MATCH = YES;
				CODE_SIGN_IDENTITY = "iPhone Developer";
				COPY_PHASE_STRIP = NO;
				DEBUG_INFORMATION_FORMAT = dwarf;
				ENABLE_STRICT_OBJC_MSGSEND = YES;
				ENABLE_TESTABILITY = YES;
				GCC_C_LANGUAGE_STANDARD = gnu11;
				GCC_DYNAMIC_NO_PIC = NO;
				GCC_NO_COMMON_BLOCKS = YES;
				GCC_OPTIMIZATION_LEVEL = 0;
				GCC_PREPROCESSOR_DEFINITIONS = (
					"DEBUG=1",
					"$(inherited)",
				);
				GCC_WARN_64_TO_32_BIT_CONVERSION = YES;
				GCC_WARN_ABOUT_RETURN_TYPE = YES_ERROR;
				GCC_WARN_UNDECLARED_SELECTOR = YES;
				GCC_WARN_UNINITIALIZED_AUTOS = YES_AGGRESSIVE;
				GCC_WARN_UNUSED_FUNCTION = YES;
				GCC_WARN_UNUSED_VARIABLE = YES;
				IPHONEOS_DEPLOYMENT_TARGET = 11.4;
				MTL_ENABLE_DEBUG_INFO = YES;
				ONLY_ACTIVE_ARCH = YES;
				SDKROOT = iphoneos;
			};
			name = Debug;
		};
		18F79F41210C1FAC0024F0F8 /* Release */ = {
			isa = XCBuildConfiguration;
			buildSettings = {
				ALWAYS_SEARCH_USER_PATHS = NO;
				CLANG_ANALYZER_NONNULL = YES;
				CLANG_ANALYZER_NUMBER_OBJECT_CONVERSION = YES_AGGRESSIVE;
				CLANG_CXX_LANGUAGE_STANDARD = "gnu++14";
				CLANG_CXX_LIBRARY = "libc++";
				CLANG_ENABLE_MODULES = YES;
				CLANG_ENABLE_OBJC_ARC = YES;
				CLANG_ENABLE_OBJC_WEAK = YES;
				CLANG_WARN_BLOCK_CAPTURE_AUTORELEASING = YES;
				CLANG_WARN_BOOL_CONVERSION = YES;
				CLANG_WARN_COMMA = YES;
				CLANG_WARN_CONSTANT_CONVERSION = YES;
				CLANG_WARN_DEPRECATED_OBJC_IMPLEMENTATIONS = YES;
				CLANG_WARN_DIRECT_OBJC_ISA_USAGE = YES_ERROR;
				CLANG_WARN_DOCUMENTATION_COMMENTS = YES;
				CLANG_WARN_EMPTY_BODY = YES;
				CLANG_WARN_ENUM_CONVERSION = YES;
				CLANG_WARN_INFINITE_RECURSION = YES;
				CLANG_WARN_INT_CONVERSION = YES;
				CLANG_WARN_NON_LITERAL_NULL_CONVERSION = YES;
				CLANG_WARN_OBJC_IMPLICIT_RETAIN_SELF = YES;
				CLANG_WARN_OBJC_LITERAL_CONVERSION = YES;
				CLANG_WARN_OBJC_ROOT_CLASS = YES_ERROR;
				CLANG_WARN_RANGE_LOOP_ANALYSIS = YES;
				CLANG_WARN_STRICT_PROTOTYPES = YES;
				CLANG_WARN_SUSPICIOUS_MOVE = YES;
				CLANG_WARN_UNGUARDED_AVAILABILITY = YES_AGGRESSIVE;
				CLANG_WARN_UNREACHABLE_CODE = YES;
				CLANG_WARN__DUPLICATE_METHOD_MATCH = YES;
				CODE_SIGN_IDENTITY = "iPhone Developer";
				COPY_PHASE_STRIP = NO;
				DEBUG_INFORMATION_FORMAT = "dwarf-with-dsym";
				ENABLE_NS_ASSERTIONS = NO;
				ENABLE_STRICT_OBJC_MSGSEND = YES;
				GCC_C_LANGUAGE_STANDARD = gnu11;
				GCC_NO_COMMON_BLOCKS = YES;
				GCC_WARN_64_TO_32_BIT_CONVERSION = YES;
				GCC_WARN_ABOUT_RETURN_TYPE = YES_ERROR;
				GCC_WARN_UNDECLARED_SELECTOR = YES;
				GCC_WARN_UNINITIALIZED_AUTOS = YES_AGGRESSIVE;
				GCC_WARN_UNUSED_FUNCTION = YES;
				GCC_WARN_UNUSED_VARIABLE = YES;
				IPHONEOS_DEPLOYMENT_TARGET = 11.4;
				MTL_ENABLE_DEBUG_INFO = NO;
				SDKROOT = iphoneos;
				VALIDATE_PRODUCT = YES;
			};
			name = Release;
		};
		18F79F43210C1FAC0024F0F8 /* Debug */ = {
			isa = XCBuildConfiguration;
			buildSettings = {
				ASSETCATALOG_COMPILER_APPICON_NAME = AppIcon;
				CODE_SIGN_STYLE = Automatic;
				INFOPLIST_FILE = PullDownMenu/Info.plist;
				LD_RUNPATH_SEARCH_PATHS = (
					"$(inherited)",
					"@executable_path/Frameworks",
				);
				PRODUCT_BUNDLE_IDENTIFIER = com.xuhaoran.PullDownMenu;
				PRODUCT_NAME = "$(TARGET_NAME)";
				TARGETED_DEVICE_FAMILY = "1,2";
			};
			name = Debug;
		};
		18F79F44210C1FAC0024F0F8 /* Release */ = {
			isa = XCBuildConfiguration;
			buildSettings = {
				ASSETCATALOG_COMPILER_APPICON_NAME = AppIcon;
				CODE_SIGN_STYLE = Automatic;
				INFOPLIST_FILE = PullDownMenu/Info.plist;
				LD_RUNPATH_SEARCH_PATHS = (
					"$(inherited)",
					"@executable_path/Frameworks",
				);
				PRODUCT_BUNDLE_IDENTIFIER = com.xuhaoran.PullDownMenu;
				PRODUCT_NAME = "$(TARGET_NAME)";
				TARGETED_DEVICE_FAMILY = "1,2";
			};
			name = Release;
		};
		18F79F46210C1FAC0024F0F8 /* Debug */ = {
			isa = XCBuildConfiguration;
			buildSettings = {
				BUNDLE_LOADER = "$(TEST_HOST)";
				CODE_SIGN_STYLE = Automatic;
				INFOPLIST_FILE = PullDownMenuTests/Info.plist;
				LD_RUNPATH_SEARCH_PATHS = (
					"$(inherited)",
					"@executable_path/Frameworks",
					"@loader_path/Frameworks",
				);
				PRODUCT_BUNDLE_IDENTIFIER = com.xuhaoran.PullDownMenuTests;
				PRODUCT_NAME = "$(TARGET_NAME)";
				TARGETED_DEVICE_FAMILY = "1,2";
				TEST_HOST = "$(BUILT_PRODUCTS_DIR)/PullDownMenu.app/PullDownMenu";
			};
			name = Debug;
		};
		18F79F47210C1FAC0024F0F8 /* Release */ = {
			isa = XCBuildConfiguration;
			buildSettings = {
				BUNDLE_LOADER = "$(TEST_HOST)";
				CODE_SIGN_STYLE = Automatic;
				INFOPLIST_FILE = PullDownMenuTests/Info.plist;
				LD_RUNPATH_SEARCH_PATHS = (
					"$(inherited)",
					"@executable_path/Frameworks",
					"@loader_path/Frameworks",
				);
				PRODUCT_BUNDLE_IDENTIFIER = com.xuhaoran.PullDownMenuTests;
				PRODUCT_NAME = "$(TARGET_NAME)";
				TARGETED_DEVICE_FAMILY = "1,2";
				TEST_HOST = "$(BUILT_PRODUCTS_DIR)/PullDownMenu.app/PullDownMenu";
			};
			name = Release;
		};
		18F79F49210C1FAC0024F0F8 /* Debug */ = {
			isa = XCBuildConfiguration;
			buildSettings = {
				CODE_SIGN_STYLE = Automatic;
				INFOPLIST_FILE = PullDownMenuUITests/Info.plist;
				LD_RUNPATH_SEARCH_PATHS = (
					"$(inherited)",
					"@executable_path/Frameworks",
					"@loader_path/Frameworks",
				);
				PRODUCT_BUNDLE_IDENTIFIER = com.xuhaoran.PullDownMenuUITests;
				PRODUCT_NAME = "$(TARGET_NAME)";
				TARGETED_DEVICE_FAMILY = "1,2";
				TEST_TARGET_NAME = PullDownMenu;
			};
			name = Debug;
		};
		18F79F4A210C1FAC0024F0F8 /* Release */ = {
			isa = XCBuildConfiguration;
			buildSettings = {
				CODE_SIGN_STYLE = Automatic;
				INFOPLIST_FILE = PullDownMenuUITests/Info.plist;
				LD_RUNPATH_SEARCH_PATHS = (
					"$(inherited)",
					"@executable_path/Frameworks",
					"@loader_path/Frameworks",
				);
				PRODUCT_BUNDLE_IDENTIFIER = com.xuhaoran.PullDownMenuUITests;
				PRODUCT_NAME = "$(TARGET_NAME)";
				TARGETED_DEVICE_FAMILY = "1,2";
				TEST_TARGET_NAME = PullDownMenu;
			};
			name = Release;
		};
/* End XCBuildConfiguration section */

/* Begin XCConfigurationList section */
		18F79F11210C1FAA0024F0F8 /* Build configuration list for PBXProject "PullDownMenu" */ = {
			isa = XCConfigurationList;
			buildConfigurations = (
				18F79F40210C1FAC0024F0F8 /* Debug */,
				18F79F41210C1FAC0024F0F8 /* Release */,
			);
			defaultConfigurationIsVisible = 0;
			defaultConfigurationName = Release;
		};
		18F79F42210C1FAC0024F0F8 /* Build configuration list for PBXNativeTarget "PullDownMenu" */ = {
			isa = XCConfigurationList;
			buildConfigurations = (
				18F79F43210C1FAC0024F0F8 /* Debug */,
				18F79F44210C1FAC0024F0F8 /* Release */,
			);
			defaultConfigurationIsVisible = 0;
			defaultConfigurationName = Release;
		};
		18F79F45210C1FAC0024F0F8 /* Build configuration list for PBXNativeTarget "PullDownMenuTests" */ = {
			isa = XCConfigurationList;
			buildConfigurations = (
				18F79F46210C1FAC0024F0F8 /* Debug */,
				18F79F47210C1FAC0024F0F8 /* Release */,
			);
			defaultConfigurationIsVisible = 0;
			defaultConfigurationName = Release;
		};
		18F79F48210C1FAC0024F0F8 /* Build configuration list for PBXNativeTarget "PullDownMenuUITests" */ = {
			isa = XCConfigurationList;
			buildConfigurations = (
				18F79F49210C1FAC0024F0F8 /* Debug */,
				18F79F4A210C1FAC0024F0F8 /* Release */,
			);
			defaultConfigurationIsVisible = 0;
			defaultConfigurationName = Release;
		};
/* End XCConfigurationList section */
	};
	rootObject = 18F79F0E210C1FAA0024F0F8 /* Project object */;
}
