// !$*UTF8*$!
{
	archiveVersion = 1;
	classes = {
	};
	objectVersion = 50;
	objects = {

/* Begin PBXBuildFile section */
		180C263F2170F2B3001E458E /* AppDelegate.swift in Sources */ = {isa = PBXBuildFile; fileRef = 180C263E2170F2B3001E458E /* AppDelegate.swift */; };
		180C26412170F2B3001E458E /* ViewController.swift in Sources */ = {isa = PBXBuildFile; fileRef = 180C26402170F2B3001E458E /* ViewController.swift */; };
		180C26442170F2B3001E458E /* Main.storyboard in Resources */ = {isa = PBXBuildFile; fileRef = 180C26422170F2B3001E458E /* Main.storyboard */; };
		180C26462170F2B5001E458E /* Assets.xcassets in Resources */ = {isa = PBXBuildFile; fileRef = 180C26452170F2B5001E458E /* Assets.xcassets */; };
		180C26492170F2B5001E458E /* LaunchScreen.storyboard in Resources */ = {isa = PBXBuildFile; fileRef = 180C26472170F2B5001E458E /* LaunchScreen.storyboard */; };
		7B4C7D178348FE595D57446E /* Pods_HRSwiftDemo.framework in Frameworks */ = {isa = PBXBuildFile; fileRef = 85656C6E8E7087274576316D /* Pods_HRSwiftDemo.framework */; };
		ADACAC4A2178723E00E93518 /* HRRootTabBarController.swift in Sources */ = {isa = PBXBuildFile; fileRef = ADACAC492178723E00E93518 /* HRRootTabBarController.swift */; };
		ADACAC512178757200E93518 /* ConfigManager.swift in Sources */ = {isa = PBXBuildFile; fileRef = ADACAC502178757200E93518 /* ConfigManager.swift */; };
		ADACAC532178772600E93518 /* HRNavigationController.swift in Sources */ = {isa = PBXBuildFile; fileRef = ADACAC522178772600E93518 /* HRNavigationController.swift */; };
		ADACAC5821787DEB00E93518 /* ExampleBouncesContentView.swift in Sources */ = {isa = PBXBuildFile; fileRef = ADACAC5621787DE600E93518 /* ExampleBouncesContentView.swift */; };
		ADACAC5921787DED00E93518 /* ExampleBasicContentView.swift in Sources */ = {isa = PBXBuildFile; fileRef = ADACAC5721787DE600E93518 /* ExampleBasicContentView.swift */; };
		ADACAC5B21787FEE00E93518 /* R.generated.swift in Sources */ = {isa = PBXBuildFile; fileRef = ADACAC5A21787FEE00E93518 /* R.generated.swift */; };
		ADACAC5D217881AF00E93518 /* Images.xcassets in Resources */ = {isa = PBXBuildFile; fileRef = ADACAC5C217881AF00E93518 /* Images.xcassets */; };
/* End PBXBuildFile section */

/* Begin PBXFileReference section */
		1160B99F11EB38F792B34DAC /* Pods-HRSwiftDemo.debug.xcconfig */ = {isa = PBXFileReference; includeInIndex = 1; lastKnownFileType = text.xcconfig; name = "Pods-HRSwiftDemo.debug.xcconfig"; path = "Pods/Target Support Files/Pods-HRSwiftDemo/Pods-HRSwiftDemo.debug.xcconfig"; sourceTree = "<group>"; };
		180C263B2170F2B3001E458E /* HRSwiftDemo.app */ = {isa = PBXFileReference; explicitFileType = wrapper.application; includeInIndex = 0; path = HRSwiftDemo.app; sourceTree = BUILT_PRODUCTS_DIR; };
		180C263E2170F2B3001E458E /* AppDelegate.swift */ = {isa = PBXFileReference; lastKnownFileType = sourcecode.swift; path = AppDelegate.swift; sourceTree = "<group>"; };
		180C26402170F2B3001E458E /* ViewController.swift */ = {isa = PBXFileReference; lastKnownFileType = sourcecode.swift; path = ViewController.swift; sourceTree = "<group>"; };
		180C26432170F2B3001E458E /* Base */ = {isa = PBXFileReference; lastKnownFileType = file.storyboard; name = Base; path = Base.lproj/Main.storyboard; sourceTree = "<group>"; };
		180C26452170F2B5001E458E /* Assets.xcassets */ = {isa = PBXFileReference; lastKnownFileType = folder.assetcatalog; path = Assets.xcassets; sourceTree = "<group>"; };
		180C26482170F2B5001E458E /* Base */ = {isa = PBXFileReference; lastKnownFileType = file.storyboard; name = Base; path = Base.lproj/LaunchScreen.storyboard; sourceTree = "<group>"; };
		180C264A2170F2B5001E458E /* Info.plist */ = {isa = PBXFileReference; lastKnownFileType = text.plist.xml; path = Info.plist; sourceTree = "<group>"; };
		85656C6E8E7087274576316D /* Pods_HRSwiftDemo.framework */ = {isa = PBXFileReference; explicitFileType = wrapper.framework; includeInIndex = 0; path = Pods_HRSwiftDemo.framework; sourceTree = BUILT_PRODUCTS_DIR; };
		ADACAC492178723E00E93518 /* HRRootTabBarController.swift */ = {isa = PBXFileReference; lastKnownFileType = sourcecode.swift; path = HRRootTabBarController.swift; sourceTree = "<group>"; };
		ADACAC502178757200E93518 /* ConfigManager.swift */ = {isa = PBXFileReference; lastKnownFileType = sourcecode.swift; path = ConfigManager.swift; sourceTree = "<group>"; };
		ADACAC522178772600E93518 /* HRNavigationController.swift */ = {isa = PBXFileReference; lastKnownFileType = sourcecode.swift; path = HRNavigationController.swift; sourceTree = "<group>"; };
		ADACAC5621787DE600E93518 /* ExampleBouncesContentView.swift */ = {isa = PBXFileReference; lastKnownFileType = sourcecode.swift; path = ExampleBouncesContentView.swift; sourceTree = "<group>"; };
		ADACAC5721787DE600E93518 /* ExampleBasicContentView.swift */ = {isa = PBXFileReference; lastKnownFileType = sourcecode.swift; path = ExampleBasicContentView.swift; sourceTree = "<group>"; };
		ADACAC5A21787FEE00E93518 /* R.generated.swift */ = {isa = PBXFileReference; fileEncoding = 4; lastKnownFileType = sourcecode.swift; path = R.generated.swift; sourceTree = "<group>"; };
		ADACAC5C217881AF00E93518 /* Images.xcassets */ = {isa = PBXFileReference; lastKnownFileType = folder.assetcatalog; path = Images.xcassets; sourceTree = "<group>"; };
		C8825A44E2EB178ED6482624 /* Pods-HRSwiftDemo.release.xcconfig */ = {isa = PBXFileReference; includeInIndex = 1; lastKnownFileType = text.xcconfig; name = "Pods-HRSwiftDemo.release.xcconfig"; path = "Pods/Target Support Files/Pods-HRSwiftDemo/Pods-HRSwiftDemo.release.xcconfig"; sourceTree = "<group>"; };
/* End PBXFileReference section */

/* Begin PBXFrameworksBuildPhase section */
		180C26382170F2B3001E458E /* Frameworks */ = {
			isa = PBXFrameworksBuildPhase;
			buildActionMask = 2147483647;
			files = (
				7B4C7D178348FE595D57446E /* Pods_HRSwiftDemo.framework in Frameworks */,
			);
			runOnlyForDeploymentPostprocessing = 0;
		};
/* End PBXFrameworksBuildPhase section */

/* Begin PBXGroup section */
		1803B74F2178DF7800958714 /* NetworkManager */ = {
			isa = PBXGroup;
			children = (
			);
			path = NetworkManager;
			sourceTree = "<group>";
		};
		180C26322170F2B3001E458E = {
			isa = PBXGroup;
			children = (
				180C263D2170F2B3001E458E /* HRSwiftDemo */,
				180C263C2170F2B3001E458E /* Products */,
				676B11F7BA3C5AF4B1F45BE6 /* Pods */,
				53E3E62A49342867C2EA048D /* Frameworks */,
			);
			sourceTree = "<group>";
		};
		180C263C2170F2B3001E458E /* Products */ = {
			isa = PBXGroup;
			children = (
				180C263B2170F2B3001E458E /* HRSwiftDemo.app */,
			);
			name = Products;
			sourceTree = "<group>";
		};
		180C263D2170F2B3001E458E /* HRSwiftDemo */ = {
			isa = PBXGroup;
			children = (
				180C263E2170F2B3001E458E /* AppDelegate.swift */,
				ADACAC47217871EB00E93518 /* Modules */,
				ADACAC4E2178753500E93518 /* Manager */,
				ADACAC4C2178748B00E93518 /* SupportingFiles */,
				180C26402170F2B3001E458E /* ViewController.swift */,
				ADACAC5C217881AF00E93518 /* Images.xcassets */,
			);
			path = HRSwiftDemo;
			sourceTree = "<group>";
		};
		53E3E62A49342867C2EA048D /* Frameworks */ = {
			isa = PBXGroup;
			children = (
				85656C6E8E7087274576316D /* Pods_HRSwiftDemo.framework */,
			);
			name = Frameworks;
			sourceTree = "<group>";
		};
		676B11F7BA3C5AF4B1F45BE6 /* Pods */ = {
			isa = PBXGroup;
			children = (
				1160B99F11EB38F792B34DAC /* Pods-HRSwiftDemo.debug.xcconfig */,
				C8825A44E2EB178ED6482624 /* Pods-HRSwiftDemo.release.xcconfig */,
			);
			name = Pods;
			sourceTree = "<group>";
		};
		ADACAC47217871EB00E93518 /* Modules */ = {
			isa = PBXGroup;
			children = (
				ADACAC5421787DC700E93518 /* CommonView */,
				ADACAC4D2178751400E93518 /* Home */,
			);
			path = Modules;
			sourceTree = "<group>";
		};
		ADACAC482178720000E93518 /* Base */ = {
			isa = PBXGroup;
			children = (
				ADACAC492178723E00E93518 /* HRRootTabBarController.swift */,
				ADACAC522178772600E93518 /* HRNavigationController.swift */,
			);
			path = Base;
			sourceTree = "<group>";
		};
		ADACAC4C2178748B00E93518 /* SupportingFiles */ = {
			isa = PBXGroup;
			children = (
				180C26422170F2B3001E458E /* Main.storyboard */,
				180C26452170F2B5001E458E /* Assets.xcassets */,
				180C26472170F2B5001E458E /* LaunchScreen.storyboard */,
				180C264A2170F2B5001E458E /* Info.plist */,
				ADACAC5A21787FEE00E93518 /* R.generated.swift */,
			);
			path = SupportingFiles;
			sourceTree = "<group>";
		};
		ADACAC4D2178751400E93518 /* Home */ = {
			isa = PBXGroup;
			children = (
			);
			path = Home;
			sourceTree = "<group>";
		};
		ADACAC4E2178753500E93518 /* Manager */ = {
			isa = PBXGroup;
			children = (
				1803B74F2178DF7800958714 /* NetworkManager */,
				ADACAC4F2178754F00E93518 /* ConfigManager */,
			);
			path = Manager;
			sourceTree = "<group>";
		};
		ADACAC4F2178754F00E93518 /* ConfigManager */ = {
			isa = PBXGroup;
			children = (
				ADACAC502178757200E93518 /* ConfigManager.swift */,
			);
			path = ConfigManager;
			sourceTree = "<group>";
		};
		ADACAC5421787DC700E93518 /* CommonView */ = {
			isa = PBXGroup;
			children = (
				ADACAC482178720000E93518 /* Base */,
				ADACAC5521787DE600E93518 /* TabbarItemContentView */,
			);
			path = CommonView;
			sourceTree = "<group>";
		};
		ADACAC5521787DE600E93518 /* TabbarItemContentView */ = {
			isa = PBXGroup;
			children = (
				ADACAC5621787DE600E93518 /* ExampleBouncesContentView.swift */,
				ADACAC5721787DE600E93518 /* ExampleBasicContentView.swift */,
			);
			path = TabbarItemContentView;
			sourceTree = "<group>";
		};
/* End PBXGroup section */

/* Begin PBXNativeTarget section */
		180C263A2170F2B3001E458E /* HRSwiftDemo */ = {
			isa = PBXNativeTarget;
			buildConfigurationList = 180C264D2170F2B5001E458E /* Build configuration list for PBXNativeTarget "HRSwiftDemo" */;
			buildPhases = (
				5FCB667B19ED74B41E063588 /* [CP] Check Pods Manifest.lock */,
				ADACAC4B2178735500E93518 /* R.SwiftScript */,
				180C26372170F2B3001E458E /* Sources */,
				180C26382170F2B3001E458E /* Frameworks */,
				180C26392170F2B3001E458E /* Resources */,
				89716461AA26B14028A81A67 /* [CP] Embed Pods Frameworks */,
			);
			buildRules = (
			);
			dependencies = (
			);
			name = HRSwiftDemo;
			productName = HRSwiftDemo;
			productReference = 180C263B2170F2B3001E458E /* HRSwiftDemo.app */;
			productType = "com.apple.product-type.application";
		};
/* End PBXNativeTarget section */

/* Begin PBXProject section */
		180C26332170F2B3001E458E /* Project object */ = {
			isa = PBXProject;
			attributes = {
				LastSwiftUpdateCheck = 1000;
				LastUpgradeCheck = 1000;
				ORGANIZATIONNAME = haoran;
				TargetAttributes = {
					180C263A2170F2B3001E458E = {
						CreatedOnToolsVersion = 10.0;
					};
				};
			};
			buildConfigurationList = 180C26362170F2B3001E458E /* Build configuration list for PBXProject "HRSwiftDemo" */;
			compatibilityVersion = "Xcode 9.3";
			developmentRegion = en;
			hasScannedForEncodings = 0;
			knownRegions = (
				en,
				Base,
			);
			mainGroup = 180C26322170F2B3001E458E;
			productRefGroup = 180C263C2170F2B3001E458E /* Products */;
			projectDirPath = "";
			projectRoot = "";
			targets = (
				180C263A2170F2B3001E458E /* HRSwiftDemo */,
			);
		};
/* End PBXProject section */

/* Begin PBXResourcesBuildPhase section */
		180C26392170F2B3001E458E /* Resources */ = {
			isa = PBXResourcesBuildPhase;
			buildActionMask = 2147483647;
			files = (
				180C26492170F2B5001E458E /* LaunchScreen.storyboard in Resources */,
				ADACAC5D217881AF00E93518 /* Images.xcassets in Resources */,
				180C26462170F2B5001E458E /* Assets.xcassets in Resources */,
				180C26442170F2B3001E458E /* Main.storyboard in Resources */,
			);
			runOnlyForDeploymentPostprocessing = 0;
		};
/* End PBXResourcesBuildPhase section */

/* Begin PBXShellScriptBuildPhase section */
		5FCB667B19ED74B41E063588 /* [CP] Check Pods Manifest.lock */ = {
			isa = PBXShellScriptBuildPhase;
			buildActionMask = 2147483647;
			files = (
			);
			inputFileListPaths = (
			);
			inputPaths = (
				"${PODS_PODFILE_DIR_PATH}/Podfile.lock",
				"${PODS_ROOT}/Manifest.lock",
			);
			name = "[CP] Check Pods Manifest.lock";
			outputFileListPaths = (
			);
			outputPaths = (
				"$(DERIVED_FILE_DIR)/Pods-HRSwiftDemo-checkManifestLockResult.txt",
			);
			runOnlyForDeploymentPostprocessing = 0;
			shellPath = /bin/sh;
			shellScript = "diff \"${PODS_PODFILE_DIR_PATH}/Podfile.lock\" \"${PODS_ROOT}/Manifest.lock\" > /dev/null\nif [ $? != 0 ] ; then\n    # print error to STDERR\n    echo \"error: The sandbox is not in sync with the Podfile.lock. Run 'pod install' or update your CocoaPods installation.\" >&2\n    exit 1\nfi\n# This output is used by Xcode 'outputs' to avoid re-running this script phase.\necho \"SUCCESS\" > \"${SCRIPT_OUTPUT_FILE_0}\"\n";
			showEnvVarsInLog = 0;
		};
		89716461AA26B14028A81A67 /* [CP] Embed Pods Frameworks */ = {
			isa = PBXShellScriptBuildPhase;
			buildActionMask = 2147483647;
			files = (
			);
			inputFileListPaths = (
			);
			inputPaths = (
				"${SRCROOT}/Pods/Target Support Files/Pods-HRSwiftDemo/Pods-HRSwiftDemo-frameworks.sh",
				"${BUILT_PRODUCTS_DIR}/Alamofire/Alamofire.framework",
				"${BUILT_PRODUCTS_DIR}/ESTabBarController-swift/ESTabBarController_swift.framework",
				"${BUILT_PRODUCTS_DIR}/IQKeyboardManagerSwift/IQKeyboardManagerSwift.framework",
				"${BUILT_PRODUCTS_DIR}/Kingfisher/Kingfisher.framework",
				"${BUILT_PRODUCTS_DIR}/Moya/Moya.framework",
				"${BUILT_PRODUCTS_DIR}/PromiseKit/PromiseKit.framework",
				"${BUILT_PRODUCTS_DIR}/PullToRefreshKit/PullToRefreshKit.framework",
				"${BUILT_PRODUCTS_DIR}/R.swift.Library/Rswift.framework",
				"${BUILT_PRODUCTS_DIR}/Result/Result.framework",
				"${BUILT_PRODUCTS_DIR}/RxSwift/RxSwift.framework",
				"${BUILT_PRODUCTS_DIR}/SnapKit/SnapKit.framework",
				"${BUILT_PRODUCTS_DIR}/SwifterSwift/SwifterSwift.framework",
			);
			name = "[CP] Embed Pods Frameworks";
			outputFileListPaths = (
			);
			outputPaths = (
				"${TARGET_BUILD_DIR}/${FRAMEWORKS_FOLDER_PATH}/Alamofire.framework",
				"${TARGET_BUILD_DIR}/${FRAMEWORKS_FOLDER_PATH}/ESTabBarController_swift.framework",
				"${TARGET_BUILD_DIR}/${FRAMEWORKS_FOLDER_PATH}/IQKeyboardManagerSwift.framework",
				"${TARGET_BUILD_DIR}/${FRAMEWORKS_FOLDER_PATH}/Kingfisher.framework",
				"${TARGET_BUILD_DIR}/${FRAMEWORKS_FOLDER_PATH}/Moya.framework",
				"${TARGET_BUILD_DIR}/${FRAMEWORKS_FOLDER_PATH}/PromiseKit.framework",
				"${TARGET_BUILD_DIR}/${FRAMEWORKS_FOLDER_PATH}/PullToRefreshKit.framework",
				"${TARGET_BUILD_DIR}/${FRAMEWORKS_FOLDER_PATH}/Rswift.framework",
				"${TARGET_BUILD_DIR}/${FRAMEWORKS_FOLDER_PATH}/Result.framework",
				"${TARGET_BUILD_DIR}/${FRAMEWORKS_FOLDER_PATH}/RxSwift.framework",
				"${TARGET_BUILD_DIR}/${FRAMEWORKS_FOLDER_PATH}/SnapKit.framework",
				"${TARGET_BUILD_DIR}/${FRAMEWORKS_FOLDER_PATH}/SwifterSwift.framework",
			);
			runOnlyForDeploymentPostprocessing = 0;
			shellPath = /bin/sh;
			shellScript = "\"${SRCROOT}/Pods/Target Support Files/Pods-HRSwiftDemo/Pods-HRSwiftDemo-frameworks.sh\"\n";
			showEnvVarsInLog = 0;
		};
		ADACAC4B2178735500E93518 /* R.SwiftScript */ = {
			isa = PBXShellScriptBuildPhase;
			buildActionMask = 2147483647;
			files = (
			);
			inputFileListPaths = (
			);
			inputPaths = (
			);
			name = R.SwiftScript;
			outputFileListPaths = (
			);
			outputPaths = (
			);
			runOnlyForDeploymentPostprocessing = 0;
			shellPath = /bin/sh;
			shellScript = "echo \"R.swift update\"\n\"$PODS_ROOT/R.swift/rswift\" generate \"$SRCROOT/HRSwiftDemo/SupportingFiles\"\n";
		};
/* End PBXShellScriptBuildPhase section */

/* Begin PBXSourcesBuildPhase section */
		180C26372170F2B3001E458E /* Sources */ = {
			isa = PBXSourcesBuildPhase;
			buildActionMask = 2147483647;
			files = (
				ADACAC5921787DED00E93518 /* ExampleBasicContentView.swift in Sources */,
				180C26412170F2B3001E458E /* ViewController.swift in Sources */,
				ADACAC5821787DEB00E93518 /* ExampleBouncesContentView.swift in Sources */,
				ADACAC5B21787FEE00E93518 /* R.generated.swift in Sources */,
				ADACAC4A2178723E00E93518 /* HRRootTabBarController.swift in Sources */,
				180C263F2170F2B3001E458E /* AppDelegate.swift in Sources */,
				ADACAC532178772600E93518 /* HRNavigationController.swift in Sources */,
				ADACAC512178757200E93518 /* ConfigManager.swift in Sources */,
			);
			runOnlyForDeploymentPostprocessing = 0;
		};
/* End PBXSourcesBuildPhase section */

/* Begin PBXVariantGroup section */
		180C26422170F2B3001E458E /* Main.storyboard */ = {
			isa = PBXVariantGroup;
			children = (
				180C26432170F2B3001E458E /* Base */,
			);
			name = Main.storyboard;
			sourceTree = "<group>";
		};
		180C26472170F2B5001E458E /* LaunchScreen.storyboard */ = {
			isa = PBXVariantGroup;
			children = (
				180C26482170F2B5001E458E /* Base */,
			);
			name = LaunchScreen.storyboard;
			sourceTree = "<group>";
		};
/* End PBXVariantGroup section */

/* Begin XCBuildConfiguration section */
		180C264B2170F2B5001E458E /* Debug */ = {
			isa = XCBuildConfiguration;
			buildSettings = {
				ALWAYS_SEARCH_USER_PATHS = NO;
				CLANG_ANALYZER_NONNULL = YES;
				CLANG_ANALYZER_NUMBER_OBJECT_CONVERSION = YES_AGGRESSIVE;
				CLANG_CXX_LANGUAGE_STANDARD = "gnu++14";
				CLANG_CXX_LIBRARY = "libc++";
				CLANG_ENABLE_MODULES = YES;
				CLANG_ENABLE_OBJC_ARC = YES;
				CLANG_ENABLE_OBJC_WEAK = YES;
				CLANG_WARN_BLOCK_CAPTURE_AUTORELEASING = YES;
				CLANG_WARN_BOOL_CONVERSION = YES;
				CLANG_WARN_COMMA = YES;
				CLANG_WARN_CONSTANT_CONVERSION = YES;
				CLANG_WARN_DEPRECATED_OBJC_IMPLEMENTATIONS = YES;
				CLANG_WARN_DIRECT_OBJC_ISA_USAGE = YES_ERROR;
				CLANG_WARN_DOCUMENTATION_COMMENTS = YES;
				CLANG_WARN_EMPTY_BODY = YES;
				CLANG_WARN_ENUM_CONVERSION = YES;
				CLANG_WARN_INFINITE_RECURSION = YES;
				CLANG_WARN_INT_CONVERSION = YES;
				CLANG_WARN_NON_LITERAL_NULL_CONVERSION = YES;
				CLANG_WARN_OBJC_IMPLICIT_RETAIN_SELF = YES;
				CLANG_WARN_OBJC_LITERAL_CONVERSION = YES;
				CLANG_WARN_OBJC_ROOT_CLASS = YES_ERROR;
				CLANG_WARN_RANGE_LOOP_ANALYSIS = YES;
				CLANG_WARN_STRICT_PROTOTYPES = YES;
				CLANG_WARN_SUSPICIOUS_MOVE = YES;
				CLANG_WARN_UNGUARDED_AVAILABILITY = YES_AGGRESSIVE;
				CLANG_WARN_UNREACHABLE_CODE = YES;
				CLANG_WARN__DUPLICATE_METHOD_MATCH = YES;
				CODE_SIGN_IDENTITY = "iPhone Developer";
				COPY_PHASE_STRIP = NO;
				DEBUG_INFORMATION_FORMAT = dwarf;
				ENABLE_STRICT_OBJC_MSGSEND = YES;
				ENABLE_TESTABILITY = YES;
				GCC_C_LANGUAGE_STANDARD = gnu11;
				GCC_DYNAMIC_NO_PIC = NO;
				GCC_NO_COMMON_BLOCKS = YES;
				GCC_OPTIMIZATION_LEVEL = 0;
				GCC_PREPROCESSOR_DEFINITIONS = (
					"DEBUG=1",
					"$(inherited)",
				);
				GCC_WARN_64_TO_32_BIT_CONVERSION = YES;
				GCC_WARN_ABOUT_RETURN_TYPE = YES_ERROR;
				GCC_WARN_UNDECLARED_SELECTOR = YES;
				GCC_WARN_UNINITIALIZED_AUTOS = YES_AGGRESSIVE;
				GCC_WARN_UNUSED_FUNCTION = YES;
				GCC_WARN_UNUSED_VARIABLE = YES;
				IPHONEOS_DEPLOYMENT_TARGET = 12.0;
				MTL_ENABLE_DEBUG_INFO = INCLUDE_SOURCE;
				MTL_FAST_MATH = YES;
				ONLY_ACTIVE_ARCH = YES;
				SDKROOT = iphoneos;
				SWIFT_ACTIVE_COMPILATION_CONDITIONS = DEBUG;
				SWIFT_OPTIMIZATION_LEVEL = "-Onone";
			};
			name = Debug;
		};
		180C264C2170F2B5001E458E /* Release */ = {
			isa = XCBuildConfiguration;
			buildSettings = {
				ALWAYS_SEARCH_USER_PATHS = NO;
				CLANG_ANALYZER_NONNULL = YES;
				CLANG_ANALYZER_NUMBER_OBJECT_CONVERSION = YES_AGGRESSIVE;
				CLANG_CXX_LANGUAGE_STANDARD = "gnu++14";
				CLANG_CXX_LIBRARY = "libc++";
				CLANG_ENABLE_MODULES = YES;
				CLANG_ENABLE_OBJC_ARC = YES;
				CLANG_ENABLE_OBJC_WEAK = YES;
				CLANG_WARN_BLOCK_CAPTURE_AUTORELEASING = YES;
				CLANG_WARN_BOOL_CONVERSION = YES;
				CLANG_WARN_COMMA = YES;
				CLANG_WARN_CONSTANT_CONVERSION = YES;
				CLANG_WARN_DEPRECATED_OBJC_IMPLEMENTATIONS = YES;
				CLANG_WARN_DIRECT_OBJC_ISA_USAGE = YES_ERROR;
				CLANG_WARN_DOCUMENTATION_COMMENTS = YES;
				CLANG_WARN_EMPTY_BODY = YES;
				CLANG_WARN_ENUM_CONVERSION = YES;
				CLANG_WARN_INFINITE_RECURSION = YES;
				CLANG_WARN_INT_CONVERSION = YES;
				CLANG_WARN_NON_LITERAL_NULL_CONVERSION = YES;
				CLANG_WARN_OBJC_IMPLICIT_RETAIN_SELF = YES;
				CLANG_WARN_OBJC_LITERAL_CONVERSION = YES;
				CLANG_WARN_OBJC_ROOT_CLASS = YES_ERROR;
				CLANG_WARN_RANGE_LOOP_ANALYSIS = YES;
				CLANG_WARN_STRICT_PROTOTYPES = YES;
				CLANG_WARN_SUSPICIOUS_MOVE = YES;
				CLANG_WARN_UNGUARDED_AVAILABILITY = YES_AGGRESSIVE;
				CLANG_WARN_UNREACHABLE_CODE = YES;
				CLANG_WARN__DUPLICATE_METHOD_MATCH = YES;
				CODE_SIGN_IDENTITY = "iPhone Developer";
				COPY_PHASE_STRIP = NO;
				DEBUG_INFORMATION_FORMAT = "dwarf-with-dsym";
				ENABLE_NS_ASSERTIONS = NO;
				ENABLE_STRICT_OBJC_MSGSEND = YES;
				GCC_C_LANGUAGE_STANDARD = gnu11;
				GCC_NO_COMMON_BLOCKS = YES;
				GCC_WARN_64_TO_32_BIT_CONVERSION = YES;
				GCC_WARN_ABOUT_RETURN_TYPE = YES_ERROR;
				GCC_WARN_UNDECLARED_SELECTOR = YES;
				GCC_WARN_UNINITIALIZED_AUTOS = YES_AGGRESSIVE;
				GCC_WARN_UNUSED_FUNCTION = YES;
				GCC_WARN_UNUSED_VARIABLE = YES;
				IPHONEOS_DEPLOYMENT_TARGET = 12.0;
				MTL_ENABLE_DEBUG_INFO = NO;
				MTL_FAST_MATH = YES;
				SDKROOT = iphoneos;
				SWIFT_COMPILATION_MODE = wholemodule;
				SWIFT_OPTIMIZATION_LEVEL = "-O";
				VALIDATE_PRODUCT = YES;
			};
			name = Release;
		};
		180C264E2170F2B5001E458E /* Debug */ = {
			isa = XCBuildConfiguration;
			baseConfigurationReference = 1160B99F11EB38F792B34DAC /* Pods-HRSwiftDemo.debug.xcconfig */;
			buildSettings = {
				ASSETCATALOG_COMPILER_APPICON_NAME = AppIcon;
				ASSETCATALOG_COMPILER_LAUNCHIMAGE_NAME = LaunchImage;
				CODE_SIGN_STYLE = Manual;
				DEVELOPMENT_TEAM = "";
				INFOPLIST_FILE = "$(SRCROOT)/HRSwiftDemo/SupportingFiles/Info.plist";
				IPHONEOS_DEPLOYMENT_TARGET = 9.0;
				LD_RUNPATH_SEARCH_PATHS = (
					"$(inherited)",
					"@executable_path/Frameworks",
				);
				PRODUCT_BUNDLE_IDENTIFIER = com.xuhaoran.HRSwiftDemo;
				PRODUCT_NAME = "$(TARGET_NAME)";
				PROVISIONING_PROFILE_SPECIFIER = "";
				SWIFT_VERSION = 4.2;
				TARGETED_DEVICE_FAMILY = 1;
			};
			name = Debug;
		};
		180C264F2170F2B5001E458E /* Release */ = {
			isa = XCBuildConfiguration;
			baseConfigurationReference = C8825A44E2EB178ED6482624 /* Pods-HRSwiftDemo.release.xcconfig */;
			buildSettings = {
				ASSETCATALOG_COMPILER_APPICON_NAME = AppIcon;
				ASSETCATALOG_COMPILER_LAUNCHIMAGE_NAME = LaunchImage;
				CODE_SIGN_STYLE = Manual;
				DEVELOPMENT_TEAM = "";
				INFOPLIST_FILE = "$(SRCROOT)/HRSwiftDemo/SupportingFiles/Info.plist";
				IPHONEOS_DEPLOYMENT_TARGET = 9.0;
				LD_RUNPATH_SEARCH_PATHS = (
					"$(inherited)",
					"@executable_path/Frameworks",
				);
				PRODUCT_BUNDLE_IDENTIFIER = com.xuhaoran.HRSwiftDemo;
				PRODUCT_NAME = "$(TARGET_NAME)";
				PROVISIONING_PROFILE_SPECIFIER = "";
				SWIFT_VERSION = 4.2;
				TARGETED_DEVICE_FAMILY = 1;
			};
			name = Release;
		};
/* End XCBuildConfiguration section */

/* Begin XCConfigurationList section */
		180C26362170F2B3001E458E /* Build configuration list for PBXProject "HRSwiftDemo" */ = {
			isa = XCConfigurationList;
			buildConfigurations = (
				180C264B2170F2B5001E458E /* Debug */,
				180C264C2170F2B5001E458E /* Release */,
			);
			defaultConfigurationIsVisible = 0;
			defaultConfigurationName = Release;
		};
		180C264D2170F2B5001E458E /* Build configuration list for PBXNativeTarget "HRSwiftDemo" */ = {
			isa = XCConfigurationList;
			buildConfigurations = (
				180C264E2170F2B5001E458E /* Debug */,
				180C264F2170F2B5001E458E /* Release */,
			);
			defaultConfigurationIsVisible = 0;
			defaultConfigurationName = Release;
		};
/* End XCConfigurationList section */
	};
	rootObject = 180C26332170F2B3001E458E /* Project object */;
}
